
Microsoft Visual Studio Solution File, Format Version 12.00
# Visual Studio 2012
Project("{8BC9CEB8-8B4A-11D0-8D11-00A0C91BC942}") = "FpsFramework", "Source\FpsFramework\FpsFramework.vcxproj", "{D3009A7D-CAAC-418A-A8C7-751596BE1BEB}"
	ProjectSection(ProjectDependencies) = postProject
		{E86BC40D-76BE-482C-8CEB-5B1283F0CE3F} = {E86BC40D-76BE-482C-8CEB-5B1283F0CE3F}
		{CEB02CD8-25C8-415E-84F9-02995D4DE0F9} = {CEB02CD8-25C8-415E-84F9-02995D4DE0F9}
		{3930D0ED-D22A-4C38-A3BC-A73AD64B1007} = {3930D0ED-D22A-4C38-A3BC-A73AD64B1007}
	EndProjectSection
EndProject
Project("{8BC9CEB8-8B4A-11D0-8D11-00A0C91BC942}") = "IO", "Source\IO\IO.vcxproj", "{3930D0ED-D22A-4C38-A3BC-A73AD64B1007}"
EndProject
Project("{8BC9CEB8-8B4A-11D0-8D11-00A0C91BC942}") = "SoundEngine", "Source\SoundEngine\SoundEngine.vcxproj", "{CEB02CD8-25C8-415E-84F9-02995D4DE0F9}"
	ProjectSection(ProjectDependencies) = postProject
		{3930D0ED-D22A-4C38-A3BC-A73AD64B1007} = {3930D0ED-D22A-4C38-A3BC-A73AD64B1007}
	EndProjectSection
EndProject
Project("{8BC9CEB8-8B4A-11D0-8D11-00A0C91BC942}") = "PluginConsole", "Source\PluginConsole\PluginConsole.vcxproj", "{FA999995-8D13-4E03-84A0-F14F78D39FA3}"
EndProject
Project("{8BC9CEB8-8B4A-11D0-8D11-00A0C91BC942}") = "PluginConsoleCheat", "Source\PluginConsoleCheat\PluginConsoleCheat.vcxproj", "{9EEA0FF6-77C1-48CE-9415-1680A1AFA049}"
EndProject
Project("{8BC9CEB8-8B4A-11D0-8D11-00A0C91BC942}") = "PluginMission_Core1Pack1", "Source\PluginMission_Core1Pack1\PluginMission_Core1Pack1.vcxproj", "{F866CA59-7306-4ECD-B00F-C27B7DFC9548}"
EndProject
Project("{8BC9CEB8-8B4A-11D0-8D11-00A0C91BC942}") = "PluginPlayers_Core1", "Source\PluginPlayers_Core1\PluginPlayers_Core1.vcxproj", "{A882CC04-9445-46EE-A537-E1B5907AC523}"
EndProject
Project("{8BC9CEB8-8B4A-11D0-8D11-00A0C91BC942}") = "PluginCamera_Core1", "Source\PluginCamera_Core1\PluginCamera_Core1.vcxproj", "{812B3AE1-117C-44E6-AF04-B1F02BDA090C}"
EndProject
Project("{8BC9CEB8-8B4A-11D0-8D11-00A0C91BC942}") = "PluginAiState_Misc1", "Source\PluginAiState_Misc1\PluginAiState_Misc1.vcxproj", "{CC521FD3-7DC9-4D1D-8D7D-3EF88DBE6502}"
EndProject
Project("{8BC9CEB8-8B4A-11D0-8D11-00A0C91BC942}") = "AIEngine", "Source\AIEngine\AIEngine.vcxproj", "{22343F13-5C66-4941-B039-08F3A5E1028B}"
	ProjectSection(ProjectDependencies) = postProject
		{3930D0ED-D22A-4C38-A3BC-A73AD64B1007} = {3930D0ED-D22A-4C38-A3BC-A73AD64B1007}
	EndProjectSection
EndProject
Project("{8BC9CEB8-8B4A-11D0-8D11-00A0C91BC942}") = "RuntimeEditor", "Source\RuntimeEditor\RuntimeEditor.vcxproj", "{2D4DB968-53CC-432C-A539-DEFBB70EB43B}"
	ProjectSection(ProjectDependencies) = postProject
		{7767B609-53AA-4E2B-B06E-AD38FA80BF60} = {7767B609-53AA-4E2B-B06E-AD38FA80BF60}
		{3930D0ED-D22A-4C38-A3BC-A73AD64B1007} = {3930D0ED-D22A-4C38-A3BC-A73AD64B1007}
	EndProjectSection
EndProject
Project("{8BC9CEB8-8B4A-11D0-8D11-00A0C91BC942}") = "Forest", "Source\Forest\Forest.vcxproj", "{51B7569B-6158-435A-9712-A755E8758C90}"
	ProjectSection(ProjectDependencies) = postProject
		{3930D0ED-D22A-4C38-A3BC-A73AD64B1007} = {3930D0ED-D22A-4C38-A3BC-A73AD64B1007}
	EndProjectSection
EndProject
Project("{8BC9CEB8-8B4A-11D0-8D11-00A0C91BC942}") = "VisualDebugger", "Source\VisualDebugger\VisualDebugger.vcxproj", "{6F8ED348-3319-4A6C-B05B-E3AA310414D0}"
EndProject
Project("{8BC9CEB8-8B4A-11D0-8D11-00A0C91BC942}") = "PluginPostEffects_Core1", "Source\PluginPostEffects_Core1\PluginPostEffects_Core1.vcxproj", "{CA32386B-D8D6-41CD-9CC6-00B9A229A7E8}"
	ProjectSection(ProjectDependencies) = postProject
		{D3009A7D-CAAC-418A-A8C7-751596BE1BEB} = {D3009A7D-CAAC-418A-A8C7-751596BE1BEB}
	EndProjectSection
EndProject
Project("{8BC9CEB8-8B4A-11D0-8D11-00A0C91BC942}") = "PluginParticleEffect_Core1", "Source\PluginParticleEffects_Core1\PluginParticleEffect_Core1.vcxproj", "{15857249-2D05-4185-879C-17CF33B9F7CD}"
	ProjectSection(ProjectDependencies) = postProject
		{D3009A7D-CAAC-418A-A8C7-751596BE1BEB} = {D3009A7D-CAAC-418A-A8C7-751596BE1BEB}
	EndProjectSection
EndProject
Project("{8BC9CEB8-8B4A-11D0-8D11-00A0C91BC942}") = "PluginPhysics_Ode", "Source\PluginPhysics_Ode\PluginPhysics_Ode.vcxproj", "{7767B609-53AA-4E2B-B06E-AD38FA80BF60}"
EndProject
Project("{8BC9CEB8-8B4A-11D0-8D11-00A0C91BC942}") = "FileDatabase", "Source\FileDatabase\FileDatabase.vcxproj", "{E86BC40D-76BE-482C-8CEB-5B1283F0CE3F}"
EndProject
Project("{8BC9CEB8-8B4A-11D0-8D11-00A0C91BC942}") = "PluginBuildings_Core1", "Source\PluginBuildings_Core1\PluginBuildings_Core1.vcxproj", "{B8BA2D20-ED5B-4CAC-9C69-222A0C70B256}"
EndProject
Project("{8BC9CEB8-8B4A-11D0-8D11-00A0C91BC942}") = "PluginGameObject_All", "Source\PluginGameObject_All\PluginGameObject_All.vcxproj", "{62E40190-CD08-4FBC-B8A1-CE184DEC1DE7}"
EndProject
Project("{2150E333-8FDC-42A3-9474-1A3956D46DE8}") = "Plugins", "Plugins", "{093EC48C-D4B4-4BDE-9BF0-E4D41229550F}"
EndProject
Project("{8BC9CEB8-8B4A-11D0-8D11-00A0C91BC942}") = "Sandbox", "Source\Sandbox\Sandbox.vcxproj", "{FD50283E-7BF8-4E3A-BC88-D837ED9B3ABF}"
EndProject
Project("{8BC9CEB8-8B4A-11D0-8D11-00A0C91BC942}") = "Core 4", "Source\Core 4\Core 4.vcxproj", "{E4839423-F5D0-43F2-BE7E-95C72111065E}"
EndProject
Project("{8BC9CEB8-8B4A-11D0-8D11-00A0C91BC942}") = "Caelum", "Source\Caelum-0.5.0\Caelum_vs9.vcxproj", "{A46CAB97-7D11-2041-998E-0040A09A0D47}"
EndProject
Project("{8BC9CEB8-8B4A-11D0-8D11-00A0C91BC942}") = "Hydrax", "Source\Hydrax-v0.5.1\Hydrax.vcxproj", "{5506C2AB-7DD1-47BB-A77D-EB26E52BE41C}"
EndProject
Project("{8BC9CEB8-8B4A-11D0-8D11-00A0C91BC942}") = "PluginMyGui", "Source\PluginMyGui\PluginMyGui.vcxproj", "{64EAB09E-3B19-4812-A6D9-42048EED74AC}"
EndProject
Project("{8BC9CEB8-8B4A-11D0-8D11-00A0C91BC942}") = "NavMesh", "Source\NavMesh\NavMesh.vcxproj", "{01F230C3-1AA7-4BA8-BD8E-221C43735932}"
EndProject
Project("{8BC9CEB8-8B4A-11D0-8D11-00A0C91BC942}") = "Gui3DLibrary", "Source\Gui3D-master\Gui3DLibrary.vcxproj", "{F3E6DD3E-9A1E-4BD4-9C9E-1A593B17AF6C}"
EndProject
Project("{8BC9CEB8-8B4A-11D0-8D11-00A0C91BC942}") = "PluginGui3D", "Source\PluginGui3D\PluginGui3D.vcxproj", "{442A0AD9-1588-4B3E-8945-82EF7CF6183E}"
EndProject
Global
	GlobalSection(SolutionConfigurationPlatforms) = preSolution
		Debug|Any CPU = Debug|Any CPU
		Debug|Mixed Platforms = Debug|Mixed Platforms
		Debug|Win32 = Debug|Win32
		Debug|x64 = Debug|x64
		MinSizeRel|Any CPU = MinSizeRel|Any CPU
		MinSizeRel|Mixed Platforms = MinSizeRel|Mixed Platforms
		MinSizeRel|Win32 = MinSizeRel|Win32
		MinSizeRel|x64 = MinSizeRel|x64
		Release|Any CPU = Release|Any CPU
		Release|Mixed Platforms = Release|Mixed Platforms
		Release|Win32 = Release|Win32
		Release|x64 = Release|x64
		RelWithDebInfo|Any CPU = RelWithDebInfo|Any CPU
		RelWithDebInfo|Mixed Platforms = RelWithDebInfo|Mixed Platforms
		RelWithDebInfo|Win32 = RelWithDebInfo|Win32
		RelWithDebInfo|x64 = RelWithDebInfo|x64
	EndGlobalSection
	GlobalSection(ProjectConfigurationPlatforms) = postSolution
		{D3009A7D-CAAC-418A-A8C7-751596BE1BEB}.Debug|Any CPU.ActiveCfg = Debug|Win32
		{D3009A7D-CAAC-418A-A8C7-751596BE1BEB}.Debug|Mixed Platforms.ActiveCfg = Debug|Win32
		{D3009A7D-CAAC-418A-A8C7-751596BE1BEB}.Debug|Mixed Platforms.Build.0 = Debug|Win32
		{D3009A7D-CAAC-418A-A8C7-751596BE1BEB}.Debug|Win32.ActiveCfg = Debug|Win32
		{D3009A7D-CAAC-418A-A8C7-751596BE1BEB}.Debug|Win32.Build.0 = Debug|Win32
		{D3009A7D-CAAC-418A-A8C7-751596BE1BEB}.Debug|x64.ActiveCfg = Debug|x64
		{D3009A7D-CAAC-418A-A8C7-751596BE1BEB}.Debug|x64.Build.0 = Debug|x64
		{D3009A7D-CAAC-418A-A8C7-751596BE1BEB}.MinSizeRel|Any CPU.ActiveCfg = Release|Win32
		{D3009A7D-CAAC-418A-A8C7-751596BE1BEB}.MinSizeRel|Mixed Platforms.ActiveCfg = Release|Win32
		{D3009A7D-CAAC-418A-A8C7-751596BE1BEB}.MinSizeRel|Mixed Platforms.Build.0 = Release|Win32
		{D3009A7D-CAAC-418A-A8C7-751596BE1BEB}.MinSizeRel|Win32.ActiveCfg = Release|x64
		{D3009A7D-CAAC-418A-A8C7-751596BE1BEB}.MinSizeRel|x64.ActiveCfg = Release|x64
		{D3009A7D-CAAC-418A-A8C7-751596BE1BEB}.MinSizeRel|x64.Build.0 = Release|x64
		{D3009A7D-CAAC-418A-A8C7-751596BE1BEB}.Release|Any CPU.ActiveCfg = Release|Win32
		{D3009A7D-CAAC-418A-A8C7-751596BE1BEB}.Release|Mixed Platforms.ActiveCfg = Release|Win32
		{D3009A7D-CAAC-418A-A8C7-751596BE1BEB}.Release|Mixed Platforms.Build.0 = Release|Win32
		{D3009A7D-CAAC-418A-A8C7-751596BE1BEB}.Release|Win32.ActiveCfg = Release|Win32
		{D3009A7D-CAAC-418A-A8C7-751596BE1BEB}.Release|Win32.Build.0 = Release|Win32
		{D3009A7D-CAAC-418A-A8C7-751596BE1BEB}.Release|x64.ActiveCfg = Release|x64
		{D3009A7D-CAAC-418A-A8C7-751596BE1BEB}.Release|x64.Build.0 = Release|x64
		{D3009A7D-CAAC-418A-A8C7-751596BE1BEB}.RelWithDebInfo|Any CPU.ActiveCfg = Release|Win32
		{D3009A7D-CAAC-418A-A8C7-751596BE1BEB}.RelWithDebInfo|Mixed Platforms.ActiveCfg = Release|Win32
		{D3009A7D-CAAC-418A-A8C7-751596BE1BEB}.RelWithDebInfo|Mixed Platforms.Build.0 = Release|Win32
		{D3009A7D-CAAC-418A-A8C7-751596BE1BEB}.RelWithDebInfo|Win32.ActiveCfg = Release|x64
		{D3009A7D-CAAC-418A-A8C7-751596BE1BEB}.RelWithDebInfo|x64.ActiveCfg = Release|x64
		{D3009A7D-CAAC-418A-A8C7-751596BE1BEB}.RelWithDebInfo|x64.Build.0 = Release|x64
		{3930D0ED-D22A-4C38-A3BC-A73AD64B1007}.Debug|Any CPU.ActiveCfg = Debug|Win32
		{3930D0ED-D22A-4C38-A3BC-A73AD64B1007}.Debug|Mixed Platforms.ActiveCfg = Debug|Win32
		{3930D0ED-D22A-4C38-A3BC-A73AD64B1007}.Debug|Mixed Platforms.Build.0 = Debug|Win32
		{3930D0ED-D22A-4C38-A3BC-A73AD64B1007}.Debug|Win32.ActiveCfg = Debug|Win32
		{3930D0ED-D22A-4C38-A3BC-A73AD64B1007}.Debug|Win32.Build.0 = Debug|Win32
		{3930D0ED-D22A-4C38-A3BC-A73AD64B1007}.Debug|x64.ActiveCfg = Debug|x64
		{3930D0ED-D22A-4C38-A3BC-A73AD64B1007}.Debug|x64.Build.0 = Debug|x64
		{3930D0ED-D22A-4C38-A3BC-A73AD64B1007}.MinSizeRel|Any CPU.ActiveCfg = Release|Win32
		{3930D0ED-D22A-4C38-A3BC-A73AD64B1007}.MinSizeRel|Mixed Platforms.ActiveCfg = Release|Win32
		{3930D0ED-D22A-4C38-A3BC-A73AD64B1007}.MinSizeRel|Mixed Platforms.Build.0 = Release|Win32
		{3930D0ED-D22A-4C38-A3BC-A73AD64B1007}.MinSizeRel|Win32.ActiveCfg = Release|x64
		{3930D0ED-D22A-4C38-A3BC-A73AD64B1007}.MinSizeRel|x64.ActiveCfg = Release|x64
		{3930D0ED-D22A-4C38-A3BC-A73AD64B1007}.MinSizeRel|x64.Build.0 = Release|x64
		{3930D0ED-D22A-4C38-A3BC-A73AD64B1007}.Release|Any CPU.ActiveCfg = Release|Win32
		{3930D0ED-D22A-4C38-A3BC-A73AD64B1007}.Release|Mixed Platforms.ActiveCfg = Release|Win32
		{3930D0ED-D22A-4C38-A3BC-A73AD64B1007}.Release|Mixed Platforms.Build.0 = Release|Win32
		{3930D0ED-D22A-4C38-A3BC-A73AD64B1007}.Release|Win32.ActiveCfg = Release|Win32
		{3930D0ED-D22A-4C38-A3BC-A73AD64B1007}.Release|Win32.Build.0 = Release|Win32
		{3930D0ED-D22A-4C38-A3BC-A73AD64B1007}.Release|x64.ActiveCfg = Release|x64
		{3930D0ED-D22A-4C38-A3BC-A73AD64B1007}.Release|x64.Build.0 = Release|x64
		{3930D0ED-D22A-4C38-A3BC-A73AD64B1007}.RelWithDebInfo|Any CPU.ActiveCfg = Release|Win32
		{3930D0ED-D22A-4C38-A3BC-A73AD64B1007}.RelWithDebInfo|Mixed Platforms.ActiveCfg = Release|Win32
		{3930D0ED-D22A-4C38-A3BC-A73AD64B1007}.RelWithDebInfo|Mixed Platforms.Build.0 = Release|Win32
		{3930D0ED-D22A-4C38-A3BC-A73AD64B1007}.RelWithDebInfo|Win32.ActiveCfg = Release|x64
		{3930D0ED-D22A-4C38-A3BC-A73AD64B1007}.RelWithDebInfo|x64.ActiveCfg = Release|x64
		{3930D0ED-D22A-4C38-A3BC-A73AD64B1007}.RelWithDebInfo|x64.Build.0 = Release|x64
		{CEB02CD8-25C8-415E-84F9-02995D4DE0F9}.Debug|Any CPU.ActiveCfg = Debug|Win32
		{CEB02CD8-25C8-415E-84F9-02995D4DE0F9}.Debug|Mixed Platforms.ActiveCfg = Debug|Win32
		{CEB02CD8-25C8-415E-84F9-02995D4DE0F9}.Debug|Mixed Platforms.Build.0 = Debug|Win32
		{CEB02CD8-25C8-415E-84F9-02995D4DE0F9}.Debug|Win32.ActiveCfg = Debug|Win32
		{CEB02CD8-25C8-415E-84F9-02995D4DE0F9}.Debug|Win32.Build.0 = Debug|Win32
		{CEB02CD8-25C8-415E-84F9-02995D4DE0F9}.Debug|x64.ActiveCfg = Debug|x64
		{CEB02CD8-25C8-415E-84F9-02995D4DE0F9}.Debug|x64.Build.0 = Debug|x64
		{CEB02CD8-25C8-415E-84F9-02995D4DE0F9}.MinSizeRel|Any CPU.ActiveCfg = Release|Win32
		{CEB02CD8-25C8-415E-84F9-02995D4DE0F9}.MinSizeRel|Mixed Platforms.ActiveCfg = Release|Win32
		{CEB02CD8-25C8-415E-84F9-02995D4DE0F9}.MinSizeRel|Mixed Platforms.Build.0 = Release|Win32
		{CEB02CD8-25C8-415E-84F9-02995D4DE0F9}.MinSizeRel|Win32.ActiveCfg = Release|x64
		{CEB02CD8-25C8-415E-84F9-02995D4DE0F9}.MinSizeRel|x64.ActiveCfg = Release|x64
		{CEB02CD8-25C8-415E-84F9-02995D4DE0F9}.MinSizeRel|x64.Build.0 = Release|x64
		{CEB02CD8-25C8-415E-84F9-02995D4DE0F9}.Release|Any CPU.ActiveCfg = Release|Win32
		{CEB02CD8-25C8-415E-84F9-02995D4DE0F9}.Release|Mixed Platforms.ActiveCfg = Release|Win32
		{CEB02CD8-25C8-415E-84F9-02995D4DE0F9}.Release|Mixed Platforms.Build.0 = Release|Win32
		{CEB02CD8-25C8-415E-84F9-02995D4DE0F9}.Release|Win32.ActiveCfg = Release|Win32
		{CEB02CD8-25C8-415E-84F9-02995D4DE0F9}.Release|Win32.Build.0 = Release|Win32
		{CEB02CD8-25C8-415E-84F9-02995D4DE0F9}.Release|x64.ActiveCfg = Release|x64
		{CEB02CD8-25C8-415E-84F9-02995D4DE0F9}.Release|x64.Build.0 = Release|x64
		{CEB02CD8-25C8-415E-84F9-02995D4DE0F9}.RelWithDebInfo|Any CPU.ActiveCfg = Release|Win32
		{CEB02CD8-25C8-415E-84F9-02995D4DE0F9}.RelWithDebInfo|Mixed Platforms.ActiveCfg = Release|Win32
		{CEB02CD8-25C8-415E-84F9-02995D4DE0F9}.RelWithDebInfo|Mixed Platforms.Build.0 = Release|Win32
		{CEB02CD8-25C8-415E-84F9-02995D4DE0F9}.RelWithDebInfo|Win32.ActiveCfg = Release|x64
		{CEB02CD8-25C8-415E-84F9-02995D4DE0F9}.RelWithDebInfo|x64.ActiveCfg = Release|x64
		{CEB02CD8-25C8-415E-84F9-02995D4DE0F9}.RelWithDebInfo|x64.Build.0 = Release|x64
		{FA999995-8D13-4E03-84A0-F14F78D39FA3}.Debug|Any CPU.ActiveCfg = Debug|Win32
		{FA999995-8D13-4E03-84A0-F14F78D39FA3}.Debug|Mixed Platforms.ActiveCfg = Debug|Win32
		{FA999995-8D13-4E03-84A0-F14F78D39FA3}.Debug|Mixed Platforms.Build.0 = Debug|Win32
		{FA999995-8D13-4E03-84A0-F14F78D39FA3}.Debug|Win32.ActiveCfg = Debug|Win32
		{FA999995-8D13-4E03-84A0-F14F78D39FA3}.Debug|Win32.Build.0 = Debug|Win32
		{FA999995-8D13-4E03-84A0-F14F78D39FA3}.Debug|x64.ActiveCfg = Debug|x64
		{FA999995-8D13-4E03-84A0-F14F78D39FA3}.Debug|x64.Build.0 = Debug|x64
		{FA999995-8D13-4E03-84A0-F14F78D39FA3}.MinSizeRel|Any CPU.ActiveCfg = Release|Win32
		{FA999995-8D13-4E03-84A0-F14F78D39FA3}.MinSizeRel|Mixed Platforms.ActiveCfg = Release|Win32
		{FA999995-8D13-4E03-84A0-F14F78D39FA3}.MinSizeRel|Mixed Platforms.Build.0 = Release|Win32
		{FA999995-8D13-4E03-84A0-F14F78D39FA3}.MinSizeRel|Win32.ActiveCfg = Release|x64
		{FA999995-8D13-4E03-84A0-F14F78D39FA3}.MinSizeRel|x64.ActiveCfg = Release|x64
		{FA999995-8D13-4E03-84A0-F14F78D39FA3}.MinSizeRel|x64.Build.0 = Release|x64
		{FA999995-8D13-4E03-84A0-F14F78D39FA3}.Release|Any CPU.ActiveCfg = Release|Win32
		{FA999995-8D13-4E03-84A0-F14F78D39FA3}.Release|Mixed Platforms.ActiveCfg = Release|Win32
		{FA999995-8D13-4E03-84A0-F14F78D39FA3}.Release|Mixed Platforms.Build.0 = Release|Win32
		{FA999995-8D13-4E03-84A0-F14F78D39FA3}.Release|Win32.ActiveCfg = Release|Win32
		{FA999995-8D13-4E03-84A0-F14F78D39FA3}.Release|Win32.Build.0 = Release|Win32
		{FA999995-8D13-4E03-84A0-F14F78D39FA3}.Release|x64.ActiveCfg = Release|x64
		{FA999995-8D13-4E03-84A0-F14F78D39FA3}.Release|x64.Build.0 = Release|x64
		{FA999995-8D13-4E03-84A0-F14F78D39FA3}.RelWithDebInfo|Any CPU.ActiveCfg = Release|Win32
		{FA999995-8D13-4E03-84A0-F14F78D39FA3}.RelWithDebInfo|Mixed Platforms.ActiveCfg = Release|Win32
		{FA999995-8D13-4E03-84A0-F14F78D39FA3}.RelWithDebInfo|Mixed Platforms.Build.0 = Release|Win32
		{FA999995-8D13-4E03-84A0-F14F78D39FA3}.RelWithDebInfo|Win32.ActiveCfg = Release|x64
		{FA999995-8D13-4E03-84A0-F14F78D39FA3}.RelWithDebInfo|x64.ActiveCfg = Release|x64
		{FA999995-8D13-4E03-84A0-F14F78D39FA3}.RelWithDebInfo|x64.Build.0 = Release|x64
		{9EEA0FF6-77C1-48CE-9415-1680A1AFA049}.Debug|Any CPU.ActiveCfg = Debug|Win32
		{9EEA0FF6-77C1-48CE-9415-1680A1AFA049}.Debug|Mixed Platforms.ActiveCfg = Debug|Win32
		{9EEA0FF6-77C1-48CE-9415-1680A1AFA049}.Debug|Mixed Platforms.Build.0 = Debug|Win32
		{9EEA0FF6-77C1-48CE-9415-1680A1AFA049}.Debug|Win32.ActiveCfg = Debug|Win32
		{9EEA0FF6-77C1-48CE-9415-1680A1AFA049}.Debug|Win32.Build.0 = Debug|Win32
		{9EEA0FF6-77C1-48CE-9415-1680A1AFA049}.Debug|x64.ActiveCfg = Debug|x64
		{9EEA0FF6-77C1-48CE-9415-1680A1AFA049}.Debug|x64.Build.0 = Debug|x64
		{9EEA0FF6-77C1-48CE-9415-1680A1AFA049}.MinSizeRel|Any CPU.ActiveCfg = Release|Win32
		{9EEA0FF6-77C1-48CE-9415-1680A1AFA049}.MinSizeRel|Mixed Platforms.ActiveCfg = Release|Win32
		{9EEA0FF6-77C1-48CE-9415-1680A1AFA049}.MinSizeRel|Mixed Platforms.Build.0 = Release|Win32
		{9EEA0FF6-77C1-48CE-9415-1680A1AFA049}.MinSizeRel|Win32.ActiveCfg = Release|x64
		{9EEA0FF6-77C1-48CE-9415-1680A1AFA049}.MinSizeRel|x64.ActiveCfg = Release|x64
		{9EEA0FF6-77C1-48CE-9415-1680A1AFA049}.MinSizeRel|x64.Build.0 = Release|x64
		{9EEA0FF6-77C1-48CE-9415-1680A1AFA049}.Release|Any CPU.ActiveCfg = Release|Win32
		{9EEA0FF6-77C1-48CE-9415-1680A1AFA049}.Release|Mixed Platforms.ActiveCfg = Release|Win32
		{9EEA0FF6-77C1-48CE-9415-1680A1AFA049}.Release|Mixed Platforms.Build.0 = Release|Win32
		{9EEA0FF6-77C1-48CE-9415-1680A1AFA049}.Release|Win32.ActiveCfg = Release|Win32
		{9EEA0FF6-77C1-48CE-9415-1680A1AFA049}.Release|Win32.Build.0 = Release|Win32
		{9EEA0FF6-77C1-48CE-9415-1680A1AFA049}.Release|x64.ActiveCfg = Release|x64
		{9EEA0FF6-77C1-48CE-9415-1680A1AFA049}.Release|x64.Build.0 = Release|x64
		{9EEA0FF6-77C1-48CE-9415-1680A1AFA049}.RelWithDebInfo|Any CPU.ActiveCfg = Release|Win32
		{9EEA0FF6-77C1-48CE-9415-1680A1AFA049}.RelWithDebInfo|Mixed Platforms.ActiveCfg = Release|Win32
		{9EEA0FF6-77C1-48CE-9415-1680A1AFA049}.RelWithDebInfo|Mixed Platforms.Build.0 = Release|Win32
		{9EEA0FF6-77C1-48CE-9415-1680A1AFA049}.RelWithDebInfo|Win32.ActiveCfg = Release|x64
		{9EEA0FF6-77C1-48CE-9415-1680A1AFA049}.RelWithDebInfo|x64.ActiveCfg = Release|x64
		{9EEA0FF6-77C1-48CE-9415-1680A1AFA049}.RelWithDebInfo|x64.Build.0 = Release|x64
		{F866CA59-7306-4ECD-B00F-C27B7DFC9548}.Debug|Any CPU.ActiveCfg = Debug|Win32
		{F866CA59-7306-4ECD-B00F-C27B7DFC9548}.Debug|Mixed Platforms.ActiveCfg = Debug|Win32
		{F866CA59-7306-4ECD-B00F-C27B7DFC9548}.Debug|Mixed Platforms.Build.0 = Debug|Win32
		{F866CA59-7306-4ECD-B00F-C27B7DFC9548}.Debug|Win32.ActiveCfg = Debug|Win32
		{F866CA59-7306-4ECD-B00F-C27B7DFC9548}.Debug|Win32.Build.0 = Debug|Win32
		{F866CA59-7306-4ECD-B00F-C27B7DFC9548}.Debug|x64.ActiveCfg = Debug|x64
		{F866CA59-7306-4ECD-B00F-C27B7DFC9548}.Debug|x64.Build.0 = Debug|x64
		{F866CA59-7306-4ECD-B00F-C27B7DFC9548}.MinSizeRel|Any CPU.ActiveCfg = Release|Win32
		{F866CA59-7306-4ECD-B00F-C27B7DFC9548}.MinSizeRel|Mixed Platforms.ActiveCfg = Release|Win32
		{F866CA59-7306-4ECD-B00F-C27B7DFC9548}.MinSizeRel|Mixed Platforms.Build.0 = Release|Win32
		{F866CA59-7306-4ECD-B00F-C27B7DFC9548}.MinSizeRel|Win32.ActiveCfg = Release|x64
		{F866CA59-7306-4ECD-B00F-C27B7DFC9548}.MinSizeRel|x64.ActiveCfg = Release|x64
		{F866CA59-7306-4ECD-B00F-C27B7DFC9548}.MinSizeRel|x64.Build.0 = Release|x64
		{F866CA59-7306-4ECD-B00F-C27B7DFC9548}.Release|Any CPU.ActiveCfg = Release|Win32
		{F866CA59-7306-4ECD-B00F-C27B7DFC9548}.Release|Mixed Platforms.ActiveCfg = Release|Win32
		{F866CA59-7306-4ECD-B00F-C27B7DFC9548}.Release|Mixed Platforms.Build.0 = Release|Win32
		{F866CA59-7306-4ECD-B00F-C27B7DFC9548}.Release|Win32.ActiveCfg = Release|Win32
		{F866CA59-7306-4ECD-B00F-C27B7DFC9548}.Release|Win32.Build.0 = Release|Win32
		{F866CA59-7306-4ECD-B00F-C27B7DFC9548}.Release|x64.ActiveCfg = Release|x64
		{F866CA59-7306-4ECD-B00F-C27B7DFC9548}.Release|x64.Build.0 = Release|x64
		{F866CA59-7306-4ECD-B00F-C27B7DFC9548}.RelWithDebInfo|Any CPU.ActiveCfg = Release|Win32
		{F866CA59-7306-4ECD-B00F-C27B7DFC9548}.RelWithDebInfo|Mixed Platforms.ActiveCfg = Release|Win32
		{F866CA59-7306-4ECD-B00F-C27B7DFC9548}.RelWithDebInfo|Mixed Platforms.Build.0 = Release|Win32
		{F866CA59-7306-4ECD-B00F-C27B7DFC9548}.RelWithDebInfo|Win32.ActiveCfg = Release|x64
		{F866CA59-7306-4ECD-B00F-C27B7DFC9548}.RelWithDebInfo|x64.ActiveCfg = Release|x64
		{F866CA59-7306-4ECD-B00F-C27B7DFC9548}.RelWithDebInfo|x64.Build.0 = Release|x64
		{A882CC04-9445-46EE-A537-E1B5907AC523}.Debug|Any CPU.ActiveCfg = Debug|Win32
		{A882CC04-9445-46EE-A537-E1B5907AC523}.Debug|Mixed Platforms.ActiveCfg = Debug|Win32
		{A882CC04-9445-46EE-A537-E1B5907AC523}.Debug|Mixed Platforms.Build.0 = Debug|Win32
		{A882CC04-9445-46EE-A537-E1B5907AC523}.Debug|Win32.ActiveCfg = Debug|Win32
		{A882CC04-9445-46EE-A537-E1B5907AC523}.Debug|Win32.Build.0 = Debug|Win32
		{A882CC04-9445-46EE-A537-E1B5907AC523}.Debug|x64.ActiveCfg = Debug|x64
		{A882CC04-9445-46EE-A537-E1B5907AC523}.Debug|x64.Build.0 = Debug|x64
		{A882CC04-9445-46EE-A537-E1B5907AC523}.MinSizeRel|Any CPU.ActiveCfg = Release|Win32
		{A882CC04-9445-46EE-A537-E1B5907AC523}.MinSizeRel|Mixed Platforms.ActiveCfg = Release|Win32
		{A882CC04-9445-46EE-A537-E1B5907AC523}.MinSizeRel|Mixed Platforms.Build.0 = Release|Win32
		{A882CC04-9445-46EE-A537-E1B5907AC523}.MinSizeRel|Win32.ActiveCfg = Release|x64
		{A882CC04-9445-46EE-A537-E1B5907AC523}.MinSizeRel|x64.ActiveCfg = Release|x64
		{A882CC04-9445-46EE-A537-E1B5907AC523}.MinSizeRel|x64.Build.0 = Release|x64
		{A882CC04-9445-46EE-A537-E1B5907AC523}.Release|Any CPU.ActiveCfg = Release|Win32
		{A882CC04-9445-46EE-A537-E1B5907AC523}.Release|Mixed Platforms.ActiveCfg = Release|Win32
		{A882CC04-9445-46EE-A537-E1B5907AC523}.Release|Mixed Platforms.Build.0 = Release|Win32
		{A882CC04-9445-46EE-A537-E1B5907AC523}.Release|Win32.ActiveCfg = Release|Win32
		{A882CC04-9445-46EE-A537-E1B5907AC523}.Release|Win32.Build.0 = Release|Win32
		{A882CC04-9445-46EE-A537-E1B5907AC523}.Release|x64.ActiveCfg = Release|x64
		{A882CC04-9445-46EE-A537-E1B5907AC523}.Release|x64.Build.0 = Release|x64
		{A882CC04-9445-46EE-A537-E1B5907AC523}.RelWithDebInfo|Any CPU.ActiveCfg = Release|Win32
		{A882CC04-9445-46EE-A537-E1B5907AC523}.RelWithDebInfo|Mixed Platforms.ActiveCfg = Release|Win32
		{A882CC04-9445-46EE-A537-E1B5907AC523}.RelWithDebInfo|Mixed Platforms.Build.0 = Release|Win32
		{A882CC04-9445-46EE-A537-E1B5907AC523}.RelWithDebInfo|Win32.ActiveCfg = Release|x64
		{A882CC04-9445-46EE-A537-E1B5907AC523}.RelWithDebInfo|x64.ActiveCfg = Release|x64
		{A882CC04-9445-46EE-A537-E1B5907AC523}.RelWithDebInfo|x64.Build.0 = Release|x64
		{812B3AE1-117C-44E6-AF04-B1F02BDA090C}.Debug|Any CPU.ActiveCfg = Debug|Win32
		{812B3AE1-117C-44E6-AF04-B1F02BDA090C}.Debug|Mixed Platforms.ActiveCfg = Debug|Win32
		{812B3AE1-117C-44E6-AF04-B1F02BDA090C}.Debug|Mixed Platforms.Build.0 = Debug|Win32
		{812B3AE1-117C-44E6-AF04-B1F02BDA090C}.Debug|Win32.ActiveCfg = Debug|Win32
		{812B3AE1-117C-44E6-AF04-B1F02BDA090C}.Debug|Win32.Build.0 = Debug|Win32
		{812B3AE1-117C-44E6-AF04-B1F02BDA090C}.Debug|x64.ActiveCfg = Debug|x64
		{812B3AE1-117C-44E6-AF04-B1F02BDA090C}.Debug|x64.Build.0 = Debug|x64
		{812B3AE1-117C-44E6-AF04-B1F02BDA090C}.MinSizeRel|Any CPU.ActiveCfg = Release|Win32
		{812B3AE1-117C-44E6-AF04-B1F02BDA090C}.MinSizeRel|Mixed Platforms.ActiveCfg = Release|Win32
		{812B3AE1-117C-44E6-AF04-B1F02BDA090C}.MinSizeRel|Mixed Platforms.Build.0 = Release|Win32
		{812B3AE1-117C-44E6-AF04-B1F02BDA090C}.MinSizeRel|Win32.ActiveCfg = Release|x64
		{812B3AE1-117C-44E6-AF04-B1F02BDA090C}.MinSizeRel|x64.ActiveCfg = Release|x64
		{812B3AE1-117C-44E6-AF04-B1F02BDA090C}.MinSizeRel|x64.Build.0 = Release|x64
		{812B3AE1-117C-44E6-AF04-B1F02BDA090C}.Release|Any CPU.ActiveCfg = Release|Win32
		{812B3AE1-117C-44E6-AF04-B1F02BDA090C}.Release|Mixed Platforms.ActiveCfg = Release|Win32
		{812B3AE1-117C-44E6-AF04-B1F02BDA090C}.Release|Mixed Platforms.Build.0 = Release|Win32
		{812B3AE1-117C-44E6-AF04-B1F02BDA090C}.Release|Win32.ActiveCfg = Release|Win32
		{812B3AE1-117C-44E6-AF04-B1F02BDA090C}.Release|Win32.Build.0 = Release|Win32
		{812B3AE1-117C-44E6-AF04-B1F02BDA090C}.Release|x64.ActiveCfg = Release|x64
		{812B3AE1-117C-44E6-AF04-B1F02BDA090C}.Release|x64.Build.0 = Release|x64
		{812B3AE1-117C-44E6-AF04-B1F02BDA090C}.RelWithDebInfo|Any CPU.ActiveCfg = Release|Win32
		{812B3AE1-117C-44E6-AF04-B1F02BDA090C}.RelWithDebInfo|Mixed Platforms.ActiveCfg = Release|Win32
		{812B3AE1-117C-44E6-AF04-B1F02BDA090C}.RelWithDebInfo|Mixed Platforms.Build.0 = Release|Win32
		{812B3AE1-117C-44E6-AF04-B1F02BDA090C}.RelWithDebInfo|Win32.ActiveCfg = Release|x64
		{812B3AE1-117C-44E6-AF04-B1F02BDA090C}.RelWithDebInfo|x64.ActiveCfg = Release|x64
		{812B3AE1-117C-44E6-AF04-B1F02BDA090C}.RelWithDebInfo|x64.Build.0 = Release|x64
		{CC521FD3-7DC9-4D1D-8D7D-3EF88DBE6502}.Debug|Any CPU.ActiveCfg = Debug|Win32
		{CC521FD3-7DC9-4D1D-8D7D-3EF88DBE6502}.Debug|Mixed Platforms.ActiveCfg = Debug|Win32
		{CC521FD3-7DC9-4D1D-8D7D-3EF88DBE6502}.Debug|Mixed Platforms.Build.0 = Debug|Win32
		{CC521FD3-7DC9-4D1D-8D7D-3EF88DBE6502}.Debug|Win32.ActiveCfg = Debug|Win32
		{CC521FD3-7DC9-4D1D-8D7D-3EF88DBE6502}.Debug|Win32.Build.0 = Debug|Win32
		{CC521FD3-7DC9-4D1D-8D7D-3EF88DBE6502}.Debug|x64.ActiveCfg = Debug|x64
		{CC521FD3-7DC9-4D1D-8D7D-3EF88DBE6502}.Debug|x64.Build.0 = Debug|x64
		{CC521FD3-7DC9-4D1D-8D7D-3EF88DBE6502}.MinSizeRel|Any CPU.ActiveCfg = Release|Win32
		{CC521FD3-7DC9-4D1D-8D7D-3EF88DBE6502}.MinSizeRel|Mixed Platforms.ActiveCfg = Release|Win32
		{CC521FD3-7DC9-4D1D-8D7D-3EF88DBE6502}.MinSizeRel|Mixed Platforms.Build.0 = Release|Win32
		{CC521FD3-7DC9-4D1D-8D7D-3EF88DBE6502}.MinSizeRel|Win32.ActiveCfg = Release|x64
		{CC521FD3-7DC9-4D1D-8D7D-3EF88DBE6502}.MinSizeRel|x64.ActiveCfg = Release|x64
		{CC521FD3-7DC9-4D1D-8D7D-3EF88DBE6502}.MinSizeRel|x64.Build.0 = Release|x64
		{CC521FD3-7DC9-4D1D-8D7D-3EF88DBE6502}.Release|Any CPU.ActiveCfg = Release|Win32
		{CC521FD3-7DC9-4D1D-8D7D-3EF88DBE6502}.Release|Mixed Platforms.ActiveCfg = Release|Win32
		{CC521FD3-7DC9-4D1D-8D7D-3EF88DBE6502}.Release|Mixed Platforms.Build.0 = Release|Win32
		{CC521FD3-7DC9-4D1D-8D7D-3EF88DBE6502}.Release|Win32.ActiveCfg = Release|Win32
		{CC521FD3-7DC9-4D1D-8D7D-3EF88DBE6502}.Release|Win32.Build.0 = Release|Win32
		{CC521FD3-7DC9-4D1D-8D7D-3EF88DBE6502}.Release|x64.ActiveCfg = Release|x64
		{CC521FD3-7DC9-4D1D-8D7D-3EF88DBE6502}.Release|x64.Build.0 = Release|x64
		{CC521FD3-7DC9-4D1D-8D7D-3EF88DBE6502}.RelWithDebInfo|Any CPU.ActiveCfg = Release|Win32
		{CC521FD3-7DC9-4D1D-8D7D-3EF88DBE6502}.RelWithDebInfo|Mixed Platforms.ActiveCfg = Release|Win32
		{CC521FD3-7DC9-4D1D-8D7D-3EF88DBE6502}.RelWithDebInfo|Mixed Platforms.Build.0 = Release|Win32
		{CC521FD3-7DC9-4D1D-8D7D-3EF88DBE6502}.RelWithDebInfo|Win32.ActiveCfg = Release|x64
		{CC521FD3-7DC9-4D1D-8D7D-3EF88DBE6502}.RelWithDebInfo|x64.ActiveCfg = Release|x64
		{CC521FD3-7DC9-4D1D-8D7D-3EF88DBE6502}.RelWithDebInfo|x64.Build.0 = Release|x64
		{22343F13-5C66-4941-B039-08F3A5E1028B}.Debug|Any CPU.ActiveCfg = Debug|Win32
		{22343F13-5C66-4941-B039-08F3A5E1028B}.Debug|Mixed Platforms.ActiveCfg = Debug|Win32
		{22343F13-5C66-4941-B039-08F3A5E1028B}.Debug|Mixed Platforms.Build.0 = Debug|Win32
		{22343F13-5C66-4941-B039-08F3A5E1028B}.Debug|Win32.ActiveCfg = Debug|Win32
		{22343F13-5C66-4941-B039-08F3A5E1028B}.Debug|Win32.Build.0 = Debug|Win32
		{22343F13-5C66-4941-B039-08F3A5E1028B}.Debug|x64.ActiveCfg = Debug|x64
		{22343F13-5C66-4941-B039-08F3A5E1028B}.Debug|x64.Build.0 = Debug|x64
		{22343F13-5C66-4941-B039-08F3A5E1028B}.MinSizeRel|Any CPU.ActiveCfg = Release|Win32
		{22343F13-5C66-4941-B039-08F3A5E1028B}.MinSizeRel|Mixed Platforms.ActiveCfg = Release|Win32
		{22343F13-5C66-4941-B039-08F3A5E1028B}.MinSizeRel|Mixed Platforms.Build.0 = Release|Win32
		{22343F13-5C66-4941-B039-08F3A5E1028B}.MinSizeRel|Win32.ActiveCfg = Release|x64
		{22343F13-5C66-4941-B039-08F3A5E1028B}.MinSizeRel|x64.ActiveCfg = Release|x64
		{22343F13-5C66-4941-B039-08F3A5E1028B}.MinSizeRel|x64.Build.0 = Release|x64
		{22343F13-5C66-4941-B039-08F3A5E1028B}.Release|Any CPU.ActiveCfg = Release|Win32
		{22343F13-5C66-4941-B039-08F3A5E1028B}.Release|Mixed Platforms.ActiveCfg = Release|Win32
		{22343F13-5C66-4941-B039-08F3A5E1028B}.Release|Mixed Platforms.Build.0 = Release|Win32
		{22343F13-5C66-4941-B039-08F3A5E1028B}.Release|Win32.ActiveCfg = Release|Win32
		{22343F13-5C66-4941-B039-08F3A5E1028B}.Release|Win32.Build.0 = Release|Win32
		{22343F13-5C66-4941-B039-08F3A5E1028B}.Release|x64.ActiveCfg = Release|x64
		{22343F13-5C66-4941-B039-08F3A5E1028B}.Release|x64.Build.0 = Release|x64
		{22343F13-5C66-4941-B039-08F3A5E1028B}.RelWithDebInfo|Any CPU.ActiveCfg = Release|Win32
		{22343F13-5C66-4941-B039-08F3A5E1028B}.RelWithDebInfo|Mixed Platforms.ActiveCfg = Release|Win32
		{22343F13-5C66-4941-B039-08F3A5E1028B}.RelWithDebInfo|Mixed Platforms.Build.0 = Release|Win32
		{22343F13-5C66-4941-B039-08F3A5E1028B}.RelWithDebInfo|Win32.ActiveCfg = Release|x64
		{22343F13-5C66-4941-B039-08F3A5E1028B}.RelWithDebInfo|x64.ActiveCfg = Release|x64
		{22343F13-5C66-4941-B039-08F3A5E1028B}.RelWithDebInfo|x64.Build.0 = Release|x64
		{2D4DB968-53CC-432C-A539-DEFBB70EB43B}.Debug|Any CPU.ActiveCfg = Debug|Win32
		{2D4DB968-53CC-432C-A539-DEFBB70EB43B}.Debug|Mixed Platforms.ActiveCfg = Debug|Win32
		{2D4DB968-53CC-432C-A539-DEFBB70EB43B}.Debug|Mixed Platforms.Build.0 = Debug|Win32
		{2D4DB968-53CC-432C-A539-DEFBB70EB43B}.Debug|Win32.ActiveCfg = Debug|Win32
		{2D4DB968-53CC-432C-A539-DEFBB70EB43B}.Debug|Win32.Build.0 = Debug|Win32
		{2D4DB968-53CC-432C-A539-DEFBB70EB43B}.Debug|x64.ActiveCfg = Debug|x64
		{2D4DB968-53CC-432C-A539-DEFBB70EB43B}.Debug|x64.Build.0 = Debug|x64
		{2D4DB968-53CC-432C-A539-DEFBB70EB43B}.MinSizeRel|Any CPU.ActiveCfg = Release|Win32
		{2D4DB968-53CC-432C-A539-DEFBB70EB43B}.MinSizeRel|Mixed Platforms.ActiveCfg = Release|Win32
		{2D4DB968-53CC-432C-A539-DEFBB70EB43B}.MinSizeRel|Mixed Platforms.Build.0 = Release|Win32
		{2D4DB968-53CC-432C-A539-DEFBB70EB43B}.MinSizeRel|Win32.ActiveCfg = Release|x64
		{2D4DB968-53CC-432C-A539-DEFBB70EB43B}.MinSizeRel|x64.ActiveCfg = Release|x64
		{2D4DB968-53CC-432C-A539-DEFBB70EB43B}.MinSizeRel|x64.Build.0 = Release|x64
		{2D4DB968-53CC-432C-A539-DEFBB70EB43B}.Release|Any CPU.ActiveCfg = Release|Win32
		{2D4DB968-53CC-432C-A539-DEFBB70EB43B}.Release|Mixed Platforms.ActiveCfg = Release|Win32
		{2D4DB968-53CC-432C-A539-DEFBB70EB43B}.Release|Mixed Platforms.Build.0 = Release|Win32
		{2D4DB968-53CC-432C-A539-DEFBB70EB43B}.Release|Win32.ActiveCfg = Release|Win32
		{2D4DB968-53CC-432C-A539-DEFBB70EB43B}.Release|Win32.Build.0 = Release|Win32
		{2D4DB968-53CC-432C-A539-DEFBB70EB43B}.Release|x64.ActiveCfg = Release|x64
		{2D4DB968-53CC-432C-A539-DEFBB70EB43B}.Release|x64.Build.0 = Release|x64
		{2D4DB968-53CC-432C-A539-DEFBB70EB43B}.RelWithDebInfo|Any CPU.ActiveCfg = Release|Win32
		{2D4DB968-53CC-432C-A539-DEFBB70EB43B}.RelWithDebInfo|Mixed Platforms.ActiveCfg = Release|Win32
		{2D4DB968-53CC-432C-A539-DEFBB70EB43B}.RelWithDebInfo|Mixed Platforms.Build.0 = Release|Win32
		{2D4DB968-53CC-432C-A539-DEFBB70EB43B}.RelWithDebInfo|Win32.ActiveCfg = Release|x64
		{2D4DB968-53CC-432C-A539-DEFBB70EB43B}.RelWithDebInfo|x64.ActiveCfg = Release|x64
		{2D4DB968-53CC-432C-A539-DEFBB70EB43B}.RelWithDebInfo|x64.Build.0 = Release|x64
		{51B7569B-6158-435A-9712-A755E8758C90}.Debug|Any CPU.ActiveCfg = Debug|Win32
		{51B7569B-6158-435A-9712-A755E8758C90}.Debug|Mixed Platforms.ActiveCfg = Debug|Win32
		{51B7569B-6158-435A-9712-A755E8758C90}.Debug|Mixed Platforms.Build.0 = Debug|Win32
		{51B7569B-6158-435A-9712-A755E8758C90}.Debug|Win32.ActiveCfg = Debug|Win32
		{51B7569B-6158-435A-9712-A755E8758C90}.Debug|Win32.Build.0 = Debug|Win32
		{51B7569B-6158-435A-9712-A755E8758C90}.Debug|x64.ActiveCfg = Debug|x64
		{51B7569B-6158-435A-9712-A755E8758C90}.Debug|x64.Build.0 = Debug|x64
		{51B7569B-6158-435A-9712-A755E8758C90}.MinSizeRel|Any CPU.ActiveCfg = Release|Win32
		{51B7569B-6158-435A-9712-A755E8758C90}.MinSizeRel|Mixed Platforms.ActiveCfg = Release|Win32
		{51B7569B-6158-435A-9712-A755E8758C90}.MinSizeRel|Mixed Platforms.Build.0 = Release|Win32
		{51B7569B-6158-435A-9712-A755E8758C90}.MinSizeRel|Win32.ActiveCfg = Release|x64
		{51B7569B-6158-435A-9712-A755E8758C90}.MinSizeRel|x64.ActiveCfg = Release|x64
		{51B7569B-6158-435A-9712-A755E8758C90}.MinSizeRel|x64.Build.0 = Release|x64
		{51B7569B-6158-435A-9712-A755E8758C90}.Release|Any CPU.ActiveCfg = Release|Win32
		{51B7569B-6158-435A-9712-A755E8758C90}.Release|Mixed Platforms.ActiveCfg = Release|Win32
		{51B7569B-6158-435A-9712-A755E8758C90}.Release|Mixed Platforms.Build.0 = Release|Win32
		{51B7569B-6158-435A-9712-A755E8758C90}.Release|Win32.ActiveCfg = Release|Win32
		{51B7569B-6158-435A-9712-A755E8758C90}.Release|Win32.Build.0 = Release|Win32
		{51B7569B-6158-435A-9712-A755E8758C90}.Release|x64.ActiveCfg = Release|x64
		{51B7569B-6158-435A-9712-A755E8758C90}.Release|x64.Build.0 = Release|x64
		{51B7569B-6158-435A-9712-A755E8758C90}.RelWithDebInfo|Any CPU.ActiveCfg = Release|Win32
		{51B7569B-6158-435A-9712-A755E8758C90}.RelWithDebInfo|Mixed Platforms.ActiveCfg = Release|Win32
		{51B7569B-6158-435A-9712-A755E8758C90}.RelWithDebInfo|Mixed Platforms.Build.0 = Release|Win32
		{51B7569B-6158-435A-9712-A755E8758C90}.RelWithDebInfo|Win32.ActiveCfg = Release|x64
		{51B7569B-6158-435A-9712-A755E8758C90}.RelWithDebInfo|x64.ActiveCfg = Release|x64
		{51B7569B-6158-435A-9712-A755E8758C90}.RelWithDebInfo|x64.Build.0 = Release|x64
		{6F8ED348-3319-4A6C-B05B-E3AA310414D0}.Debug|Any CPU.ActiveCfg = Debug|Win32
		{6F8ED348-3319-4A6C-B05B-E3AA310414D0}.Debug|Mixed Platforms.ActiveCfg = Debug|Win32
		{6F8ED348-3319-4A6C-B05B-E3AA310414D0}.Debug|Mixed Platforms.Build.0 = Debug|Win32
		{6F8ED348-3319-4A6C-B05B-E3AA310414D0}.Debug|Win32.ActiveCfg = Debug|Win32
		{6F8ED348-3319-4A6C-B05B-E3AA310414D0}.Debug|Win32.Build.0 = Debug|Win32
		{6F8ED348-3319-4A6C-B05B-E3AA310414D0}.Debug|x64.ActiveCfg = Debug|x64
		{6F8ED348-3319-4A6C-B05B-E3AA310414D0}.Debug|x64.Build.0 = Debug|x64
		{6F8ED348-3319-4A6C-B05B-E3AA310414D0}.MinSizeRel|Any CPU.ActiveCfg = Release|Win32
		{6F8ED348-3319-4A6C-B05B-E3AA310414D0}.MinSizeRel|Mixed Platforms.ActiveCfg = Release|Win32
		{6F8ED348-3319-4A6C-B05B-E3AA310414D0}.MinSizeRel|Mixed Platforms.Build.0 = Release|Win32
		{6F8ED348-3319-4A6C-B05B-E3AA310414D0}.MinSizeRel|Win32.ActiveCfg = Release|x64
		{6F8ED348-3319-4A6C-B05B-E3AA310414D0}.MinSizeRel|x64.ActiveCfg = Release|x64
		{6F8ED348-3319-4A6C-B05B-E3AA310414D0}.MinSizeRel|x64.Build.0 = Release|x64
		{6F8ED348-3319-4A6C-B05B-E3AA310414D0}.Release|Any CPU.ActiveCfg = Release|Win32
		{6F8ED348-3319-4A6C-B05B-E3AA310414D0}.Release|Mixed Platforms.ActiveCfg = Release|Win32
		{6F8ED348-3319-4A6C-B05B-E3AA310414D0}.Release|Mixed Platforms.Build.0 = Release|Win32
		{6F8ED348-3319-4A6C-B05B-E3AA310414D0}.Release|Win32.ActiveCfg = Release|Win32
		{6F8ED348-3319-4A6C-B05B-E3AA310414D0}.Release|Win32.Build.0 = Release|Win32
		{6F8ED348-3319-4A6C-B05B-E3AA310414D0}.Release|x64.ActiveCfg = Release|x64
		{6F8ED348-3319-4A6C-B05B-E3AA310414D0}.Release|x64.Build.0 = Release|x64
		{6F8ED348-3319-4A6C-B05B-E3AA310414D0}.RelWithDebInfo|Any CPU.ActiveCfg = Release|Win32
		{6F8ED348-3319-4A6C-B05B-E3AA310414D0}.RelWithDebInfo|Mixed Platforms.ActiveCfg = Release|Win32
		{6F8ED348-3319-4A6C-B05B-E3AA310414D0}.RelWithDebInfo|Mixed Platforms.Build.0 = Release|Win32
		{6F8ED348-3319-4A6C-B05B-E3AA310414D0}.RelWithDebInfo|Win32.ActiveCfg = Release|x64
		{6F8ED348-3319-4A6C-B05B-E3AA310414D0}.RelWithDebInfo|x64.ActiveCfg = Release|x64
		{6F8ED348-3319-4A6C-B05B-E3AA310414D0}.RelWithDebInfo|x64.Build.0 = Release|x64
		{CA32386B-D8D6-41CD-9CC6-00B9A229A7E8}.Debug|Any CPU.ActiveCfg = Debug|Win32
		{CA32386B-D8D6-41CD-9CC6-00B9A229A7E8}.Debug|Mixed Platforms.ActiveCfg = Debug|Win32
		{CA32386B-D8D6-41CD-9CC6-00B9A229A7E8}.Debug|Mixed Platforms.Build.0 = Debug|Win32
		{CA32386B-D8D6-41CD-9CC6-00B9A229A7E8}.Debug|Win32.ActiveCfg = Debug|Win32
		{CA32386B-D8D6-41CD-9CC6-00B9A229A7E8}.Debug|Win32.Build.0 = Debug|Win32
		{CA32386B-D8D6-41CD-9CC6-00B9A229A7E8}.Debug|x64.ActiveCfg = Debug|x64
		{CA32386B-D8D6-41CD-9CC6-00B9A229A7E8}.Debug|x64.Build.0 = Debug|x64
		{CA32386B-D8D6-41CD-9CC6-00B9A229A7E8}.MinSizeRel|Any CPU.ActiveCfg = Release|Win32
		{CA32386B-D8D6-41CD-9CC6-00B9A229A7E8}.MinSizeRel|Mixed Platforms.ActiveCfg = Release|Win32
		{CA32386B-D8D6-41CD-9CC6-00B9A229A7E8}.MinSizeRel|Mixed Platforms.Build.0 = Release|Win32
		{CA32386B-D8D6-41CD-9CC6-00B9A229A7E8}.MinSizeRel|Win32.ActiveCfg = Release|x64
		{CA32386B-D8D6-41CD-9CC6-00B9A229A7E8}.MinSizeRel|x64.ActiveCfg = Release|x64
		{CA32386B-D8D6-41CD-9CC6-00B9A229A7E8}.MinSizeRel|x64.Build.0 = Release|x64
		{CA32386B-D8D6-41CD-9CC6-00B9A229A7E8}.Release|Any CPU.ActiveCfg = Release|Win32
		{CA32386B-D8D6-41CD-9CC6-00B9A229A7E8}.Release|Mixed Platforms.ActiveCfg = Release|Win32
		{CA32386B-D8D6-41CD-9CC6-00B9A229A7E8}.Release|Mixed Platforms.Build.0 = Release|Win32
		{CA32386B-D8D6-41CD-9CC6-00B9A229A7E8}.Release|Win32.ActiveCfg = Release|Win32
		{CA32386B-D8D6-41CD-9CC6-00B9A229A7E8}.Release|Win32.Build.0 = Release|Win32
		{CA32386B-D8D6-41CD-9CC6-00B9A229A7E8}.Release|x64.ActiveCfg = Release|x64
		{CA32386B-D8D6-41CD-9CC6-00B9A229A7E8}.Release|x64.Build.0 = Release|x64
		{CA32386B-D8D6-41CD-9CC6-00B9A229A7E8}.RelWithDebInfo|Any CPU.ActiveCfg = Release|Win32
		{CA32386B-D8D6-41CD-9CC6-00B9A229A7E8}.RelWithDebInfo|Mixed Platforms.ActiveCfg = Release|Win32
		{CA32386B-D8D6-41CD-9CC6-00B9A229A7E8}.RelWithDebInfo|Mixed Platforms.Build.0 = Release|Win32
		{CA32386B-D8D6-41CD-9CC6-00B9A229A7E8}.RelWithDebInfo|Win32.ActiveCfg = Release|x64
		{CA32386B-D8D6-41CD-9CC6-00B9A229A7E8}.RelWithDebInfo|x64.ActiveCfg = Release|x64
		{CA32386B-D8D6-41CD-9CC6-00B9A229A7E8}.RelWithDebInfo|x64.Build.0 = Release|x64
		{15857249-2D05-4185-879C-17CF33B9F7CD}.Debug|Any CPU.ActiveCfg = Debug|Win32
		{15857249-2D05-4185-879C-17CF33B9F7CD}.Debug|Mixed Platforms.ActiveCfg = Debug|Win32
		{15857249-2D05-4185-879C-17CF33B9F7CD}.Debug|Mixed Platforms.Build.0 = Debug|Win32
		{15857249-2D05-4185-879C-17CF33B9F7CD}.Debug|Win32.ActiveCfg = Debug|Win32
		{15857249-2D05-4185-879C-17CF33B9F7CD}.Debug|Win32.Build.0 = Debug|Win32
		{15857249-2D05-4185-879C-17CF33B9F7CD}.Debug|x64.ActiveCfg = Debug|x64
		{15857249-2D05-4185-879C-17CF33B9F7CD}.Debug|x64.Build.0 = Debug|x64
		{15857249-2D05-4185-879C-17CF33B9F7CD}.MinSizeRel|Any CPU.ActiveCfg = Release|Win32
		{15857249-2D05-4185-879C-17CF33B9F7CD}.MinSizeRel|Mixed Platforms.ActiveCfg = Release|Win32
		{15857249-2D05-4185-879C-17CF33B9F7CD}.MinSizeRel|Mixed Platforms.Build.0 = Release|Win32
		{15857249-2D05-4185-879C-17CF33B9F7CD}.MinSizeRel|Win32.ActiveCfg = Release|x64
		{15857249-2D05-4185-879C-17CF33B9F7CD}.MinSizeRel|x64.ActiveCfg = Release|x64
		{15857249-2D05-4185-879C-17CF33B9F7CD}.MinSizeRel|x64.Build.0 = Release|x64
		{15857249-2D05-4185-879C-17CF33B9F7CD}.Release|Any CPU.ActiveCfg = Release|Win32
		{15857249-2D05-4185-879C-17CF33B9F7CD}.Release|Mixed Platforms.ActiveCfg = Release|Win32
		{15857249-2D05-4185-879C-17CF33B9F7CD}.Release|Mixed Platforms.Build.0 = Release|Win32
		{15857249-2D05-4185-879C-17CF33B9F7CD}.Release|Win32.ActiveCfg = Release|Win32
		{15857249-2D05-4185-879C-17CF33B9F7CD}.Release|Win32.Build.0 = Release|Win32
		{15857249-2D05-4185-879C-17CF33B9F7CD}.Release|x64.ActiveCfg = Release|x64
		{15857249-2D05-4185-879C-17CF33B9F7CD}.Release|x64.Build.0 = Release|x64
		{15857249-2D05-4185-879C-17CF33B9F7CD}.RelWithDebInfo|Any CPU.ActiveCfg = Release|Win32
		{15857249-2D05-4185-879C-17CF33B9F7CD}.RelWithDebInfo|Mixed Platforms.ActiveCfg = Release|Win32
		{15857249-2D05-4185-879C-17CF33B9F7CD}.RelWithDebInfo|Mixed Platforms.Build.0 = Release|Win32
		{15857249-2D05-4185-879C-17CF33B9F7CD}.RelWithDebInfo|Win32.ActiveCfg = Release|x64
		{15857249-2D05-4185-879C-17CF33B9F7CD}.RelWithDebInfo|x64.ActiveCfg = Release|x64
		{15857249-2D05-4185-879C-17CF33B9F7CD}.RelWithDebInfo|x64.Build.0 = Release|x64
		{7767B609-53AA-4E2B-B06E-AD38FA80BF60}.Debug|Any CPU.ActiveCfg = Debug|Win32
		{7767B609-53AA-4E2B-B06E-AD38FA80BF60}.Debug|Mixed Platforms.ActiveCfg = Debug|Win32
		{7767B609-53AA-4E2B-B06E-AD38FA80BF60}.Debug|Mixed Platforms.Build.0 = Debug|Win32
		{7767B609-53AA-4E2B-B06E-AD38FA80BF60}.Debug|Win32.ActiveCfg = Debug|Win32
		{7767B609-53AA-4E2B-B06E-AD38FA80BF60}.Debug|Win32.Build.0 = Debug|Win32
		{7767B609-53AA-4E2B-B06E-AD38FA80BF60}.Debug|x64.ActiveCfg = Debug|x64
		{7767B609-53AA-4E2B-B06E-AD38FA80BF60}.Debug|x64.Build.0 = Debug|x64
		{7767B609-53AA-4E2B-B06E-AD38FA80BF60}.MinSizeRel|Any CPU.ActiveCfg = Release|Win32
		{7767B609-53AA-4E2B-B06E-AD38FA80BF60}.MinSizeRel|Mixed Platforms.ActiveCfg = Release|Win32
		{7767B609-53AA-4E2B-B06E-AD38FA80BF60}.MinSizeRel|Mixed Platforms.Build.0 = Release|Win32
		{7767B609-53AA-4E2B-B06E-AD38FA80BF60}.MinSizeRel|Win32.ActiveCfg = Release|x64
		{7767B609-53AA-4E2B-B06E-AD38FA80BF60}.MinSizeRel|x64.ActiveCfg = Release|x64
		{7767B609-53AA-4E2B-B06E-AD38FA80BF60}.MinSizeRel|x64.Build.0 = Release|x64
		{7767B609-53AA-4E2B-B06E-AD38FA80BF60}.Release|Any CPU.ActiveCfg = Release|Win32
		{7767B609-53AA-4E2B-B06E-AD38FA80BF60}.Release|Mixed Platforms.ActiveCfg = Release|Win32
		{7767B609-53AA-4E2B-B06E-AD38FA80BF60}.Release|Mixed Platforms.Build.0 = Release|Win32
		{7767B609-53AA-4E2B-B06E-AD38FA80BF60}.Release|Win32.ActiveCfg = Release|Win32
		{7767B609-53AA-4E2B-B06E-AD38FA80BF60}.Release|Win32.Build.0 = Release|Win32
		{7767B609-53AA-4E2B-B06E-AD38FA80BF60}.Release|x64.ActiveCfg = Release|x64
		{7767B609-53AA-4E2B-B06E-AD38FA80BF60}.Release|x64.Build.0 = Release|x64
		{7767B609-53AA-4E2B-B06E-AD38FA80BF60}.RelWithDebInfo|Any CPU.ActiveCfg = Release|Win32
		{7767B609-53AA-4E2B-B06E-AD38FA80BF60}.RelWithDebInfo|Mixed Platforms.ActiveCfg = Release|Win32
		{7767B609-53AA-4E2B-B06E-AD38FA80BF60}.RelWithDebInfo|Mixed Platforms.Build.0 = Release|Win32
		{7767B609-53AA-4E2B-B06E-AD38FA80BF60}.RelWithDebInfo|Win32.ActiveCfg = Release|x64
		{7767B609-53AA-4E2B-B06E-AD38FA80BF60}.RelWithDebInfo|x64.ActiveCfg = Release|x64
		{7767B609-53AA-4E2B-B06E-AD38FA80BF60}.RelWithDebInfo|x64.Build.0 = Release|x64
		{E86BC40D-76BE-482C-8CEB-5B1283F0CE3F}.Debug|Any CPU.ActiveCfg = Debug|Win32
		{E86BC40D-76BE-482C-8CEB-5B1283F0CE3F}.Debug|Mixed Platforms.ActiveCfg = Debug|Win32
		{E86BC40D-76BE-482C-8CEB-5B1283F0CE3F}.Debug|Mixed Platforms.Build.0 = Debug|Win32
		{E86BC40D-76BE-482C-8CEB-5B1283F0CE3F}.Debug|Win32.ActiveCfg = Debug|Win32
		{E86BC40D-76BE-482C-8CEB-5B1283F0CE3F}.Debug|Win32.Build.0 = Debug|Win32
		{E86BC40D-76BE-482C-8CEB-5B1283F0CE3F}.Debug|x64.ActiveCfg = Debug|x64
		{E86BC40D-76BE-482C-8CEB-5B1283F0CE3F}.Debug|x64.Build.0 = Debug|x64
		{E86BC40D-76BE-482C-8CEB-5B1283F0CE3F}.MinSizeRel|Any CPU.ActiveCfg = Release|Win32
		{E86BC40D-76BE-482C-8CEB-5B1283F0CE3F}.MinSizeRel|Mixed Platforms.ActiveCfg = Release|Win32
		{E86BC40D-76BE-482C-8CEB-5B1283F0CE3F}.MinSizeRel|Mixed Platforms.Build.0 = Release|Win32
		{E86BC40D-76BE-482C-8CEB-5B1283F0CE3F}.MinSizeRel|Win32.ActiveCfg = Release|x64
		{E86BC40D-76BE-482C-8CEB-5B1283F0CE3F}.MinSizeRel|x64.ActiveCfg = Release|x64
		{E86BC40D-76BE-482C-8CEB-5B1283F0CE3F}.MinSizeRel|x64.Build.0 = Release|x64
		{E86BC40D-76BE-482C-8CEB-5B1283F0CE3F}.Release|Any CPU.ActiveCfg = Release|Win32
		{E86BC40D-76BE-482C-8CEB-5B1283F0CE3F}.Release|Mixed Platforms.ActiveCfg = Release|Win32
		{E86BC40D-76BE-482C-8CEB-5B1283F0CE3F}.Release|Mixed Platforms.Build.0 = Release|Win32
		{E86BC40D-76BE-482C-8CEB-5B1283F0CE3F}.Release|Win32.ActiveCfg = Release|Win32
		{E86BC40D-76BE-482C-8CEB-5B1283F0CE3F}.Release|Win32.Build.0 = Release|Win32
		{E86BC40D-76BE-482C-8CEB-5B1283F0CE3F}.Release|x64.ActiveCfg = Release|x64
		{E86BC40D-76BE-482C-8CEB-5B1283F0CE3F}.Release|x64.Build.0 = Release|x64
		{E86BC40D-76BE-482C-8CEB-5B1283F0CE3F}.RelWithDebInfo|Any CPU.ActiveCfg = Release|Win32
		{E86BC40D-76BE-482C-8CEB-5B1283F0CE3F}.RelWithDebInfo|Mixed Platforms.ActiveCfg = Release|Win32
		{E86BC40D-76BE-482C-8CEB-5B1283F0CE3F}.RelWithDebInfo|Mixed Platforms.Build.0 = Release|Win32
		{E86BC40D-76BE-482C-8CEB-5B1283F0CE3F}.RelWithDebInfo|Win32.ActiveCfg = Release|x64
		{E86BC40D-76BE-482C-8CEB-5B1283F0CE3F}.RelWithDebInfo|x64.ActiveCfg = Release|x64
		{E86BC40D-76BE-482C-8CEB-5B1283F0CE3F}.RelWithDebInfo|x64.Build.0 = Release|x64
		{B8BA2D20-ED5B-4CAC-9C69-222A0C70B256}.Debug|Any CPU.ActiveCfg = Debug|Win32
		{B8BA2D20-ED5B-4CAC-9C69-222A0C70B256}.Debug|Mixed Platforms.ActiveCfg = Debug|Win32
		{B8BA2D20-ED5B-4CAC-9C69-222A0C70B256}.Debug|Mixed Platforms.Build.0 = Debug|Win32
		{B8BA2D20-ED5B-4CAC-9C69-222A0C70B256}.Debug|Win32.ActiveCfg = Debug|Win32
		{B8BA2D20-ED5B-4CAC-9C69-222A0C70B256}.Debug|Win32.Build.0 = Debug|Win32
		{B8BA2D20-ED5B-4CAC-9C69-222A0C70B256}.Debug|x64.ActiveCfg = Debug|x64
		{B8BA2D20-ED5B-4CAC-9C69-222A0C70B256}.Debug|x64.Build.0 = Debug|x64
		{B8BA2D20-ED5B-4CAC-9C69-222A0C70B256}.MinSizeRel|Any CPU.ActiveCfg = Release|Win32
		{B8BA2D20-ED5B-4CAC-9C69-222A0C70B256}.MinSizeRel|Mixed Platforms.ActiveCfg = Release|Win32
		{B8BA2D20-ED5B-4CAC-9C69-222A0C70B256}.MinSizeRel|Mixed Platforms.Build.0 = Release|Win32
		{B8BA2D20-ED5B-4CAC-9C69-222A0C70B256}.MinSizeRel|Win32.ActiveCfg = Release|x64
		{B8BA2D20-ED5B-4CAC-9C69-222A0C70B256}.MinSizeRel|x64.ActiveCfg = Release|x64
		{B8BA2D20-ED5B-4CAC-9C69-222A0C70B256}.MinSizeRel|x64.Build.0 = Release|x64
		{B8BA2D20-ED5B-4CAC-9C69-222A0C70B256}.Release|Any CPU.ActiveCfg = Release|Win32
		{B8BA2D20-ED5B-4CAC-9C69-222A0C70B256}.Release|Mixed Platforms.ActiveCfg = Release|Win32
		{B8BA2D20-ED5B-4CAC-9C69-222A0C70B256}.Release|Mixed Platforms.Build.0 = Release|Win32
		{B8BA2D20-ED5B-4CAC-9C69-222A0C70B256}.Release|Win32.ActiveCfg = Release|Win32
		{B8BA2D20-ED5B-4CAC-9C69-222A0C70B256}.Release|Win32.Build.0 = Release|Win32
		{B8BA2D20-ED5B-4CAC-9C69-222A0C70B256}.Release|x64.ActiveCfg = Release|x64
		{B8BA2D20-ED5B-4CAC-9C69-222A0C70B256}.Release|x64.Build.0 = Release|x64
		{B8BA2D20-ED5B-4CAC-9C69-222A0C70B256}.RelWithDebInfo|Any CPU.ActiveCfg = Release|Win32
		{B8BA2D20-ED5B-4CAC-9C69-222A0C70B256}.RelWithDebInfo|Mixed Platforms.ActiveCfg = Release|Win32
		{B8BA2D20-ED5B-4CAC-9C69-222A0C70B256}.RelWithDebInfo|Mixed Platforms.Build.0 = Release|Win32
		{B8BA2D20-ED5B-4CAC-9C69-222A0C70B256}.RelWithDebInfo|Win32.ActiveCfg = Release|x64
		{B8BA2D20-ED5B-4CAC-9C69-222A0C70B256}.RelWithDebInfo|x64.ActiveCfg = Release|x64
		{B8BA2D20-ED5B-4CAC-9C69-222A0C70B256}.RelWithDebInfo|x64.Build.0 = Release|x64
		{62E40190-CD08-4FBC-B8A1-CE184DEC1DE7}.Debug|Any CPU.ActiveCfg = Debug|Win32
		{62E40190-CD08-4FBC-B8A1-CE184DEC1DE7}.Debug|Mixed Platforms.ActiveCfg = Debug|Win32
		{62E40190-CD08-4FBC-B8A1-CE184DEC1DE7}.Debug|Mixed Platforms.Build.0 = Debug|Win32
		{62E40190-CD08-4FBC-B8A1-CE184DEC1DE7}.Debug|Win32.ActiveCfg = Debug|Win32
		{62E40190-CD08-4FBC-B8A1-CE184DEC1DE7}.Debug|Win32.Build.0 = Debug|Win32
		{62E40190-CD08-4FBC-B8A1-CE184DEC1DE7}.Debug|x64.ActiveCfg = Debug|x64
		{62E40190-CD08-4FBC-B8A1-CE184DEC1DE7}.Debug|x64.Build.0 = Debug|x64
		{62E40190-CD08-4FBC-B8A1-CE184DEC1DE7}.MinSizeRel|Any CPU.ActiveCfg = Release|Win32
		{62E40190-CD08-4FBC-B8A1-CE184DEC1DE7}.MinSizeRel|Mixed Platforms.ActiveCfg = Release|Win32
		{62E40190-CD08-4FBC-B8A1-CE184DEC1DE7}.MinSizeRel|Mixed Platforms.Build.0 = Release|Win32
		{62E40190-CD08-4FBC-B8A1-CE184DEC1DE7}.MinSizeRel|Win32.ActiveCfg = Release|Win32
		{62E40190-CD08-4FBC-B8A1-CE184DEC1DE7}.MinSizeRel|Win32.Build.0 = Release|Win32
		{62E40190-CD08-4FBC-B8A1-CE184DEC1DE7}.MinSizeRel|x64.ActiveCfg = Release|Win32
		{62E40190-CD08-4FBC-B8A1-CE184DEC1DE7}.Release|Any CPU.ActiveCfg = Release|Win32
		{62E40190-CD08-4FBC-B8A1-CE184DEC1DE7}.Release|Mixed Platforms.ActiveCfg = Release|Win32
		{62E40190-CD08-4FBC-B8A1-CE184DEC1DE7}.Release|Mixed Platforms.Build.0 = Release|Win32
		{62E40190-CD08-4FBC-B8A1-CE184DEC1DE7}.Release|Win32.ActiveCfg = Release|Win32
		{62E40190-CD08-4FBC-B8A1-CE184DEC1DE7}.Release|Win32.Build.0 = Release|Win32
		{62E40190-CD08-4FBC-B8A1-CE184DEC1DE7}.Release|x64.ActiveCfg = Release|x64
		{62E40190-CD08-4FBC-B8A1-CE184DEC1DE7}.Release|x64.Build.0 = Release|x64
		{62E40190-CD08-4FBC-B8A1-CE184DEC1DE7}.RelWithDebInfo|Any CPU.ActiveCfg = Release|Win32
		{62E40190-CD08-4FBC-B8A1-CE184DEC1DE7}.RelWithDebInfo|Mixed Platforms.ActiveCfg = Release|Win32
		{62E40190-CD08-4FBC-B8A1-CE184DEC1DE7}.RelWithDebInfo|Mixed Platforms.Build.0 = Release|Win32
		{62E40190-CD08-4FBC-B8A1-CE184DEC1DE7}.RelWithDebInfo|Win32.ActiveCfg = Release|Win32
		{62E40190-CD08-4FBC-B8A1-CE184DEC1DE7}.RelWithDebInfo|Win32.Build.0 = Release|Win32
		{62E40190-CD08-4FBC-B8A1-CE184DEC1DE7}.RelWithDebInfo|x64.ActiveCfg = Release|Win32
		{FD50283E-7BF8-4E3A-BC88-D837ED9B3ABF}.Debug|Any CPU.ActiveCfg = Debug|Win32
		{FD50283E-7BF8-4E3A-BC88-D837ED9B3ABF}.Debug|Mixed Platforms.ActiveCfg = Debug|Win32
		{FD50283E-7BF8-4E3A-BC88-D837ED9B3ABF}.Debug|Mixed Platforms.Build.0 = Debug|Win32
		{FD50283E-7BF8-4E3A-BC88-D837ED9B3ABF}.Debug|Win32.ActiveCfg = Debug|Win32
		{FD50283E-7BF8-4E3A-BC88-D837ED9B3ABF}.Debug|Win32.Build.0 = Debug|Win32
		{FD50283E-7BF8-4E3A-BC88-D837ED9B3ABF}.Debug|x64.ActiveCfg = Debug|x64
		{FD50283E-7BF8-4E3A-BC88-D837ED9B3ABF}.Debug|x64.Build.0 = Debug|x64
		{FD50283E-7BF8-4E3A-BC88-D837ED9B3ABF}.MinSizeRel|Any CPU.ActiveCfg = Release|Win32
		{FD50283E-7BF8-4E3A-BC88-D837ED9B3ABF}.MinSizeRel|Mixed Platforms.ActiveCfg = Release|Win32
		{FD50283E-7BF8-4E3A-BC88-D837ED9B3ABF}.MinSizeRel|Mixed Platforms.Build.0 = Release|Win32
		{FD50283E-7BF8-4E3A-BC88-D837ED9B3ABF}.MinSizeRel|Win32.ActiveCfg = Release|Win32
		{FD50283E-7BF8-4E3A-BC88-D837ED9B3ABF}.MinSizeRel|Win32.Build.0 = Release|Win32
		{FD50283E-7BF8-4E3A-BC88-D837ED9B3ABF}.MinSizeRel|x64.ActiveCfg = Release|x64
		{FD50283E-7BF8-4E3A-BC88-D837ED9B3ABF}.MinSizeRel|x64.Build.0 = Release|x64
		{FD50283E-7BF8-4E3A-BC88-D837ED9B3ABF}.Release|Any CPU.ActiveCfg = Release|Win32
		{FD50283E-7BF8-4E3A-BC88-D837ED9B3ABF}.Release|Mixed Platforms.ActiveCfg = Release|Win32
		{FD50283E-7BF8-4E3A-BC88-D837ED9B3ABF}.Release|Mixed Platforms.Build.0 = Release|Win32
		{FD50283E-7BF8-4E3A-BC88-D837ED9B3ABF}.Release|Win32.ActiveCfg = Release|Win32
		{FD50283E-7BF8-4E3A-BC88-D837ED9B3ABF}.Release|Win32.Build.0 = Release|Win32
		{FD50283E-7BF8-4E3A-BC88-D837ED9B3ABF}.Release|x64.ActiveCfg = Release|x64
		{FD50283E-7BF8-4E3A-BC88-D837ED9B3ABF}.Release|x64.Build.0 = Release|x64
		{FD50283E-7BF8-4E3A-BC88-D837ED9B3ABF}.RelWithDebInfo|Any CPU.ActiveCfg = Release|Win32
		{FD50283E-7BF8-4E3A-BC88-D837ED9B3ABF}.RelWithDebInfo|Mixed Platforms.ActiveCfg = Release|Win32
		{FD50283E-7BF8-4E3A-BC88-D837ED9B3ABF}.RelWithDebInfo|Mixed Platforms.Build.0 = Release|Win32
		{FD50283E-7BF8-4E3A-BC88-D837ED9B3ABF}.RelWithDebInfo|Win32.ActiveCfg = Release|Win32
		{FD50283E-7BF8-4E3A-BC88-D837ED9B3ABF}.RelWithDebInfo|Win32.Build.0 = Release|Win32
		{FD50283E-7BF8-4E3A-BC88-D837ED9B3ABF}.RelWithDebInfo|x64.ActiveCfg = Release|x64
		{FD50283E-7BF8-4E3A-BC88-D837ED9B3ABF}.RelWithDebInfo|x64.Build.0 = Release|x64
		{E4839423-F5D0-43F2-BE7E-95C72111065E}.Debug|Any CPU.ActiveCfg = Debug|Win32
		{E4839423-F5D0-43F2-BE7E-95C72111065E}.Debug|Mixed Platforms.ActiveCfg = Debug|Win32
		{E4839423-F5D0-43F2-BE7E-95C72111065E}.Debug|Mixed Platforms.Build.0 = Debug|Win32
		{E4839423-F5D0-43F2-BE7E-95C72111065E}.Debug|Win32.ActiveCfg = Debug|Win32
		{E4839423-F5D0-43F2-BE7E-95C72111065E}.Debug|Win32.Build.0 = Debug|Win32
		{E4839423-F5D0-43F2-BE7E-95C72111065E}.Debug|x64.ActiveCfg = Debug|x64
		{E4839423-F5D0-43F2-BE7E-95C72111065E}.Debug|x64.Build.0 = Debug|x64
		{E4839423-F5D0-43F2-BE7E-95C72111065E}.MinSizeRel|Any CPU.ActiveCfg = Release|Win32
		{E4839423-F5D0-43F2-BE7E-95C72111065E}.MinSizeRel|Mixed Platforms.ActiveCfg = Release|Win32
		{E4839423-F5D0-43F2-BE7E-95C72111065E}.MinSizeRel|Mixed Platforms.Build.0 = Release|Win32
		{E4839423-F5D0-43F2-BE7E-95C72111065E}.MinSizeRel|Win32.ActiveCfg = Release|Win32
		{E4839423-F5D0-43F2-BE7E-95C72111065E}.MinSizeRel|Win32.Build.0 = Release|Win32
		{E4839423-F5D0-43F2-BE7E-95C72111065E}.MinSizeRel|x64.ActiveCfg = Release|x64
		{E4839423-F5D0-43F2-BE7E-95C72111065E}.MinSizeRel|x64.Build.0 = Release|x64
		{E4839423-F5D0-43F2-BE7E-95C72111065E}.Release|Any CPU.ActiveCfg = Release|Win32
		{E4839423-F5D0-43F2-BE7E-95C72111065E}.Release|Mixed Platforms.ActiveCfg = Release|Win32
		{E4839423-F5D0-43F2-BE7E-95C72111065E}.Release|Mixed Platforms.Build.0 = Release|Win32
		{E4839423-F5D0-43F2-BE7E-95C72111065E}.Release|Win32.ActiveCfg = Release|Win32
		{E4839423-F5D0-43F2-BE7E-95C72111065E}.Release|Win32.Build.0 = Release|Win32
		{E4839423-F5D0-43F2-BE7E-95C72111065E}.Release|x64.ActiveCfg = Release|x64
		{E4839423-F5D0-43F2-BE7E-95C72111065E}.Release|x64.Build.0 = Release|x64
		{E4839423-F5D0-43F2-BE7E-95C72111065E}.RelWithDebInfo|Any CPU.ActiveCfg = Release|Win32
		{E4839423-F5D0-43F2-BE7E-95C72111065E}.RelWithDebInfo|Mixed Platforms.ActiveCfg = Release|Win32
		{E4839423-F5D0-43F2-BE7E-95C72111065E}.RelWithDebInfo|Mixed Platforms.Build.0 = Release|Win32
		{E4839423-F5D0-43F2-BE7E-95C72111065E}.RelWithDebInfo|Win32.ActiveCfg = Release|Win32
		{E4839423-F5D0-43F2-BE7E-95C72111065E}.RelWithDebInfo|Win32.Build.0 = Release|Win32
		{E4839423-F5D0-43F2-BE7E-95C72111065E}.RelWithDebInfo|x64.ActiveCfg = Release|x64
		{E4839423-F5D0-43F2-BE7E-95C72111065E}.RelWithDebInfo|x64.Build.0 = Release|x64
		{A46CAB97-7D11-2041-998E-0040A09A0D47}.Debug|Any CPU.ActiveCfg = Debug|Win32
		{A46CAB97-7D11-2041-998E-0040A09A0D47}.Debug|Mixed Platforms.ActiveCfg = Debug|Win32
		{A46CAB97-7D11-2041-998E-0040A09A0D47}.Debug|Mixed Platforms.Build.0 = Debug|Win32
		{A46CAB97-7D11-2041-998E-0040A09A0D47}.Debug|Win32.ActiveCfg = Debug|Win32
		{A46CAB97-7D11-2041-998E-0040A09A0D47}.Debug|Win32.Build.0 = Debug|Win32
		{A46CAB97-7D11-2041-998E-0040A09A0D47}.Debug|x64.ActiveCfg = Debug|Win32
		{A46CAB97-7D11-2041-998E-0040A09A0D47}.MinSizeRel|Any CPU.ActiveCfg = Release|Win32
		{A46CAB97-7D11-2041-998E-0040A09A0D47}.MinSizeRel|Mixed Platforms.ActiveCfg = Release|Win32
		{A46CAB97-7D11-2041-998E-0040A09A0D47}.MinSizeRel|Mixed Platforms.Build.0 = Release|Win32
		{A46CAB97-7D11-2041-998E-0040A09A0D47}.MinSizeRel|Win32.ActiveCfg = Release|Win32
		{A46CAB97-7D11-2041-998E-0040A09A0D47}.MinSizeRel|Win32.Build.0 = Release|Win32
		{A46CAB97-7D11-2041-998E-0040A09A0D47}.MinSizeRel|x64.ActiveCfg = Release|Win32
		{A46CAB97-7D11-2041-998E-0040A09A0D47}.Release|Any CPU.ActiveCfg = Release|Win32
		{A46CAB97-7D11-2041-998E-0040A09A0D47}.Release|Mixed Platforms.ActiveCfg = Release|Win32
		{A46CAB97-7D11-2041-998E-0040A09A0D47}.Release|Mixed Platforms.Build.0 = Release|Win32
		{A46CAB97-7D11-2041-998E-0040A09A0D47}.Release|Win32.ActiveCfg = Release|Win32
		{A46CAB97-7D11-2041-998E-0040A09A0D47}.Release|Win32.Build.0 = Release|Win32
		{A46CAB97-7D11-2041-998E-0040A09A0D47}.Release|x64.ActiveCfg = Release|Win32
		{A46CAB97-7D11-2041-998E-0040A09A0D47}.RelWithDebInfo|Any CPU.ActiveCfg = Release|Win32
		{A46CAB97-7D11-2041-998E-0040A09A0D47}.RelWithDebInfo|Mixed Platforms.ActiveCfg = Release|Win32
		{A46CAB97-7D11-2041-998E-0040A09A0D47}.RelWithDebInfo|Mixed Platforms.Build.0 = Release|Win32
		{A46CAB97-7D11-2041-998E-0040A09A0D47}.RelWithDebInfo|Win32.ActiveCfg = Release|Win32
		{A46CAB97-7D11-2041-998E-0040A09A0D47}.RelWithDebInfo|Win32.Build.0 = Release|Win32
		{A46CAB97-7D11-2041-998E-0040A09A0D47}.RelWithDebInfo|x64.ActiveCfg = Release|Win32
		{5506C2AB-7DD1-47BB-A77D-EB26E52BE41C}.Debug|Any CPU.ActiveCfg = Debug|Win32
		{5506C2AB-7DD1-47BB-A77D-EB26E52BE41C}.Debug|Mixed Platforms.ActiveCfg = Debug|Win32
		{5506C2AB-7DD1-47BB-A77D-EB26E52BE41C}.Debug|Mixed Platforms.Build.0 = Debug|Win32
		{5506C2AB-7DD1-47BB-A77D-EB26E52BE41C}.Debug|Win32.ActiveCfg = Debug|Win32
		{5506C2AB-7DD1-47BB-A77D-EB26E52BE41C}.Debug|Win32.Build.0 = Debug|Win32
		{5506C2AB-7DD1-47BB-A77D-EB26E52BE41C}.Debug|x64.ActiveCfg = Debug|Win32
		{5506C2AB-7DD1-47BB-A77D-EB26E52BE41C}.MinSizeRel|Any CPU.ActiveCfg = Release|Win32
		{5506C2AB-7DD1-47BB-A77D-EB26E52BE41C}.MinSizeRel|Mixed Platforms.ActiveCfg = Release|Win32
		{5506C2AB-7DD1-47BB-A77D-EB26E52BE41C}.MinSizeRel|Mixed Platforms.Build.0 = Release|Win32
		{5506C2AB-7DD1-47BB-A77D-EB26E52BE41C}.MinSizeRel|Win32.ActiveCfg = Release|Win32
		{5506C2AB-7DD1-47BB-A77D-EB26E52BE41C}.MinSizeRel|Win32.Build.0 = Release|Win32
		{5506C2AB-7DD1-47BB-A77D-EB26E52BE41C}.MinSizeRel|x64.ActiveCfg = Release|Win32
		{5506C2AB-7DD1-47BB-A77D-EB26E52BE41C}.Release|Any CPU.ActiveCfg = Release|Win32
		{5506C2AB-7DD1-47BB-A77D-EB26E52BE41C}.Release|Mixed Platforms.ActiveCfg = Release|Win32
		{5506C2AB-7DD1-47BB-A77D-EB26E52BE41C}.Release|Mixed Platforms.Build.0 = Release|Win32
		{5506C2AB-7DD1-47BB-A77D-EB26E52BE41C}.Release|Win32.ActiveCfg = Release|Win32
		{5506C2AB-7DD1-47BB-A77D-EB26E52BE41C}.Release|Win32.Build.0 = Release|Win32
		{5506C2AB-7DD1-47BB-A77D-EB26E52BE41C}.Release|x64.ActiveCfg = Release|Win32
		{5506C2AB-7DD1-47BB-A77D-EB26E52BE41C}.RelWithDebInfo|Any CPU.ActiveCfg = Release|Win32
		{5506C2AB-7DD1-47BB-A77D-EB26E52BE41C}.RelWithDebInfo|Mixed Platforms.ActiveCfg = Release|Win32
		{5506C2AB-7DD1-47BB-A77D-EB26E52BE41C}.RelWithDebInfo|Mixed Platforms.Build.0 = Release|Win32
		{5506C2AB-7DD1-47BB-A77D-EB26E52BE41C}.RelWithDebInfo|Win32.ActiveCfg = Release|Win32
		{5506C2AB-7DD1-47BB-A77D-EB26E52BE41C}.RelWithDebInfo|Win32.Build.0 = Release|Win32
		{5506C2AB-7DD1-47BB-A77D-EB26E52BE41C}.RelWithDebInfo|x64.ActiveCfg = Release|Win32
		{64EAB09E-3B19-4812-A6D9-42048EED74AC}.Debug|Any CPU.ActiveCfg = Debug|Win32
		{64EAB09E-3B19-4812-A6D9-42048EED74AC}.Debug|Mixed Platforms.ActiveCfg = Debug|Win32
		{64EAB09E-3B19-4812-A6D9-42048EED74AC}.Debug|Mixed Platforms.Build.0 = Debug|Win32
		{64EAB09E-3B19-4812-A6D9-42048EED74AC}.Debug|Win32.ActiveCfg = Debug|Win32
		{64EAB09E-3B19-4812-A6D9-42048EED74AC}.Debug|Win32.Build.0 = Debug|Win32
		{64EAB09E-3B19-4812-A6D9-42048EED74AC}.Debug|x64.ActiveCfg = Debug|x64
		{64EAB09E-3B19-4812-A6D9-42048EED74AC}.Debug|x64.Build.0 = Debug|x64
		{64EAB09E-3B19-4812-A6D9-42048EED74AC}.MinSizeRel|Any CPU.ActiveCfg = Release|Win32
		{64EAB09E-3B19-4812-A6D9-42048EED74AC}.MinSizeRel|Mixed Platforms.ActiveCfg = Release|Win32
		{64EAB09E-3B19-4812-A6D9-42048EED74AC}.MinSizeRel|Mixed Platforms.Build.0 = Release|Win32
		{64EAB09E-3B19-4812-A6D9-42048EED74AC}.MinSizeRel|Win32.ActiveCfg = Release|Win32
		{64EAB09E-3B19-4812-A6D9-42048EED74AC}.MinSizeRel|Win32.Build.0 = Release|Win32
		{64EAB09E-3B19-4812-A6D9-42048EED74AC}.MinSizeRel|x64.ActiveCfg = Release|x64
		{64EAB09E-3B19-4812-A6D9-42048EED74AC}.MinSizeRel|x64.Build.0 = Release|x64
		{64EAB09E-3B19-4812-A6D9-42048EED74AC}.Release|Any CPU.ActiveCfg = Release|Win32
		{64EAB09E-3B19-4812-A6D9-42048EED74AC}.Release|Mixed Platforms.ActiveCfg = Release|Win32
		{64EAB09E-3B19-4812-A6D9-42048EED74AC}.Release|Mixed Platforms.Build.0 = Release|Win32
		{64EAB09E-3B19-4812-A6D9-42048EED74AC}.Release|Win32.ActiveCfg = Release|Win32
		{64EAB09E-3B19-4812-A6D9-42048EED74AC}.Release|Win32.Build.0 = Release|Win32
		{64EAB09E-3B19-4812-A6D9-42048EED74AC}.Release|x64.ActiveCfg = Release|x64
		{64EAB09E-3B19-4812-A6D9-42048EED74AC}.Release|x64.Build.0 = Release|x64
		{64EAB09E-3B19-4812-A6D9-42048EED74AC}.RelWithDebInfo|Any CPU.ActiveCfg = Release|Win32
		{64EAB09E-3B19-4812-A6D9-42048EED74AC}.RelWithDebInfo|Mixed Platforms.ActiveCfg = Release|Win32
		{64EAB09E-3B19-4812-A6D9-42048EED74AC}.RelWithDebInfo|Mixed Platforms.Build.0 = Release|Win32
		{64EAB09E-3B19-4812-A6D9-42048EED74AC}.RelWithDebInfo|Win32.ActiveCfg = Release|Win32
		{64EAB09E-3B19-4812-A6D9-42048EED74AC}.RelWithDebInfo|Win32.Build.0 = Release|Win32
		{64EAB09E-3B19-4812-A6D9-42048EED74AC}.RelWithDebInfo|x64.ActiveCfg = Release|x64
		{64EAB09E-3B19-4812-A6D9-42048EED74AC}.RelWithDebInfo|x64.Build.0 = Release|x64
		{01F230C3-1AA7-4BA8-BD8E-221C43735932}.Debug|Any CPU.ActiveCfg = Debug|Win32
		{01F230C3-1AA7-4BA8-BD8E-221C43735932}.Debug|Mixed Platforms.ActiveCfg = Debug|Win32
		{01F230C3-1AA7-4BA8-BD8E-221C43735932}.Debug|Mixed Platforms.Build.0 = Debug|Win32
		{01F230C3-1AA7-4BA8-BD8E-221C43735932}.Debug|Win32.ActiveCfg = Debug|Win32
		{01F230C3-1AA7-4BA8-BD8E-221C43735932}.Debug|Win32.Build.0 = Debug|Win32
		{01F230C3-1AA7-4BA8-BD8E-221C43735932}.Debug|x64.ActiveCfg = Debug|x64
		{01F230C3-1AA7-4BA8-BD8E-221C43735932}.Debug|x64.Build.0 = Debug|x64
		{01F230C3-1AA7-4BA8-BD8E-221C43735932}.MinSizeRel|Any CPU.ActiveCfg = Release|Win32
		{01F230C3-1AA7-4BA8-BD8E-221C43735932}.MinSizeRel|Mixed Platforms.ActiveCfg = Release|Win32
		{01F230C3-1AA7-4BA8-BD8E-221C43735932}.MinSizeRel|Mixed Platforms.Build.0 = Release|Win32
		{01F230C3-1AA7-4BA8-BD8E-221C43735932}.MinSizeRel|Win32.ActiveCfg = Release|Win32
		{01F230C3-1AA7-4BA8-BD8E-221C43735932}.MinSizeRel|Win32.Build.0 = Release|Win32
		{01F230C3-1AA7-4BA8-BD8E-221C43735932}.MinSizeRel|x64.ActiveCfg = Release|x64
		{01F230C3-1AA7-4BA8-BD8E-221C43735932}.MinSizeRel|x64.Build.0 = Release|x64
		{01F230C3-1AA7-4BA8-BD8E-221C43735932}.Release|Any CPU.ActiveCfg = Release|Win32
		{01F230C3-1AA7-4BA8-BD8E-221C43735932}.Release|Mixed Platforms.ActiveCfg = Release|Win32
		{01F230C3-1AA7-4BA8-BD8E-221C43735932}.Release|Mixed Platforms.Build.0 = Release|Win32
		{01F230C3-1AA7-4BA8-BD8E-221C43735932}.Release|Win32.ActiveCfg = Release|Win32
		{01F230C3-1AA7-4BA8-BD8E-221C43735932}.Release|Win32.Build.0 = Release|Win32
		{01F230C3-1AA7-4BA8-BD8E-221C43735932}.Release|x64.ActiveCfg = Release|x64
		{01F230C3-1AA7-4BA8-BD8E-221C43735932}.Release|x64.Build.0 = Release|x64
		{01F230C3-1AA7-4BA8-BD8E-221C43735932}.RelWithDebInfo|Any CPU.ActiveCfg = Release|Win32
		{01F230C3-1AA7-4BA8-BD8E-221C43735932}.RelWithDebInfo|Mixed Platforms.ActiveCfg = Release|Win32
		{01F230C3-1AA7-4BA8-BD8E-221C43735932}.RelWithDebInfo|Mixed Platforms.Build.0 = Release|Win32
		{01F230C3-1AA7-4BA8-BD8E-221C43735932}.RelWithDebInfo|Win32.ActiveCfg = Release|Win32
		{01F230C3-1AA7-4BA8-BD8E-221C43735932}.RelWithDebInfo|Win32.Build.0 = Release|Win32
		{01F230C3-1AA7-4BA8-BD8E-221C43735932}.RelWithDebInfo|x64.ActiveCfg = Release|x64
		{01F230C3-1AA7-4BA8-BD8E-221C43735932}.RelWithDebInfo|x64.Build.0 = Release|x64
		{F3E6DD3E-9A1E-4BD4-9C9E-1A593B17AF6C}.Debug|Any CPU.ActiveCfg = Debug|Win32
		{F3E6DD3E-9A1E-4BD4-9C9E-1A593B17AF6C}.Debug|Mixed Platforms.ActiveCfg = Debug|Win32
		{F3E6DD3E-9A1E-4BD4-9C9E-1A593B17AF6C}.Debug|Mixed Platforms.Build.0 = Debug|Win32
		{F3E6DD3E-9A1E-4BD4-9C9E-1A593B17AF6C}.Debug|Win32.ActiveCfg = Debug|Win32
		{F3E6DD3E-9A1E-4BD4-9C9E-1A593B17AF6C}.Debug|Win32.Build.0 = Debug|Win32
		{F3E6DD3E-9A1E-4BD4-9C9E-1A593B17AF6C}.Debug|x64.ActiveCfg = Debug|x64
		{F3E6DD3E-9A1E-4BD4-9C9E-1A593B17AF6C}.Debug|x64.Build.0 = Debug|x64
		{F3E6DD3E-9A1E-4BD4-9C9E-1A593B17AF6C}.MinSizeRel|Any CPU.ActiveCfg = Release|Win32
		{F3E6DD3E-9A1E-4BD4-9C9E-1A593B17AF6C}.MinSizeRel|Mixed Platforms.ActiveCfg = Release|Win32
		{F3E6DD3E-9A1E-4BD4-9C9E-1A593B17AF6C}.MinSizeRel|Mixed Platforms.Build.0 = Release|Win32
		{F3E6DD3E-9A1E-4BD4-9C9E-1A593B17AF6C}.MinSizeRel|Win32.ActiveCfg = Release|Win32
		{F3E6DD3E-9A1E-4BD4-9C9E-1A593B17AF6C}.MinSizeRel|Win32.Build.0 = Release|Win32
		{F3E6DD3E-9A1E-4BD4-9C9E-1A593B17AF6C}.MinSizeRel|x64.ActiveCfg = Release|x64
		{F3E6DD3E-9A1E-4BD4-9C9E-1A593B17AF6C}.MinSizeRel|x64.Build.0 = Release|x64
		{F3E6DD3E-9A1E-4BD4-9C9E-1A593B17AF6C}.Release|Any CPU.ActiveCfg = Release|Win32
		{F3E6DD3E-9A1E-4BD4-9C9E-1A593B17AF6C}.Release|Mixed Platforms.ActiveCfg = Release|Win32
		{F3E6DD3E-9A1E-4BD4-9C9E-1A593B17AF6C}.Release|Mixed Platforms.Build.0 = Release|Win32
		{F3E6DD3E-9A1E-4BD4-9C9E-1A593B17AF6C}.Release|Win32.ActiveCfg = Release|Win32
		{F3E6DD3E-9A1E-4BD4-9C9E-1A593B17AF6C}.Release|Win32.Build.0 = Release|Win32
		{F3E6DD3E-9A1E-4BD4-9C9E-1A593B17AF6C}.Release|x64.ActiveCfg = Release|x64
		{F3E6DD3E-9A1E-4BD4-9C9E-1A593B17AF6C}.Release|x64.Build.0 = Release|x64
		{F3E6DD3E-9A1E-4BD4-9C9E-1A593B17AF6C}.RelWithDebInfo|Any CPU.ActiveCfg = Release|Win32
		{F3E6DD3E-9A1E-4BD4-9C9E-1A593B17AF6C}.RelWithDebInfo|Mixed Platforms.ActiveCfg = Release|Win32
		{F3E6DD3E-9A1E-4BD4-9C9E-1A593B17AF6C}.RelWithDebInfo|Mixed Platforms.Build.0 = Release|Win32
		{F3E6DD3E-9A1E-4BD4-9C9E-1A593B17AF6C}.RelWithDebInfo|Win32.ActiveCfg = Release|Win32
		{F3E6DD3E-9A1E-4BD4-9C9E-1A593B17AF6C}.RelWithDebInfo|Win32.Build.0 = Release|Win32
		{F3E6DD3E-9A1E-4BD4-9C9E-1A593B17AF6C}.RelWithDebInfo|x64.ActiveCfg = Release|x64
		{F3E6DD3E-9A1E-4BD4-9C9E-1A593B17AF6C}.RelWithDebInfo|x64.Build.0 = Release|x64
		{442A0AD9-1588-4B3E-8945-82EF7CF6183E}.Debug|Any CPU.ActiveCfg = Debug|Win32
		{442A0AD9-1588-4B3E-8945-82EF7CF6183E}.Debug|Mixed Platforms.ActiveCfg = Debug|Win32
		{442A0AD9-1588-4B3E-8945-82EF7CF6183E}.Debug|Mixed Platforms.Build.0 = Debug|Win32
		{442A0AD9-1588-4B3E-8945-82EF7CF6183E}.Debug|Win32.ActiveCfg = Debug|Win32
		{442A0AD9-1588-4B3E-8945-82EF7CF6183E}.Debug|Win32.Build.0 = Debug|Win32
		{442A0AD9-1588-4B3E-8945-82EF7CF6183E}.Debug|x64.ActiveCfg = Debug|x64
		{442A0AD9-1588-4B3E-8945-82EF7CF6183E}.Debug|x64.Build.0 = Debug|x64
		{442A0AD9-1588-4B3E-8945-82EF7CF6183E}.MinSizeRel|Any CPU.ActiveCfg = Release|Win32
		{442A0AD9-1588-4B3E-8945-82EF7CF6183E}.MinSizeRel|Mixed Platforms.ActiveCfg = Release|Win32
		{442A0AD9-1588-4B3E-8945-82EF7CF6183E}.MinSizeRel|Mixed Platforms.Build.0 = Release|Win32
		{442A0AD9-1588-4B3E-8945-82EF7CF6183E}.MinSizeRel|Win32.ActiveCfg = Release|Win32
		{442A0AD9-1588-4B3E-8945-82EF7CF6183E}.MinSizeRel|Win32.Build.0 = Release|Win32
		{442A0AD9-1588-4B3E-8945-82EF7CF6183E}.MinSizeRel|x64.ActiveCfg = Release|x64
		{442A0AD9-1588-4B3E-8945-82EF7CF6183E}.MinSizeRel|x64.Build.0 = Release|x64
		{442A0AD9-1588-4B3E-8945-82EF7CF6183E}.Release|Any CPU.ActiveCfg = Release|Win32
		{442A0AD9-1588-4B3E-8945-82EF7CF6183E}.Release|Mixed Platforms.ActiveCfg = Release|Win32
		{442A0AD9-1588-4B3E-8945-82EF7CF6183E}.Release|Mixed Platforms.Build.0 = Release|Win32
		{442A0AD9-1588-4B3E-8945-82EF7CF6183E}.Release|Win32.ActiveCfg = Release|Win32
		{442A0AD9-1588-4B3E-8945-82EF7CF6183E}.Release|Win32.Build.0 = Release|Win32
		{442A0AD9-1588-4B3E-8945-82EF7CF6183E}.Release|x64.ActiveCfg = Release|x64
		{442A0AD9-1588-4B3E-8945-82EF7CF6183E}.Release|x64.Build.0 = Release|x64
		{442A0AD9-1588-4B3E-8945-82EF7CF6183E}.RelWithDebInfo|Any CPU.ActiveCfg = Release|Win32
		{442A0AD9-1588-4B3E-8945-82EF7CF6183E}.RelWithDebInfo|Mixed Platforms.ActiveCfg = Release|Win32
		{442A0AD9-1588-4B3E-8945-82EF7CF6183E}.RelWithDebInfo|Mixed Platforms.Build.0 = Release|Win32
		{442A0AD9-1588-4B3E-8945-82EF7CF6183E}.RelWithDebInfo|Win32.ActiveCfg = Release|Win32
		{442A0AD9-1588-4B3E-8945-82EF7CF6183E}.RelWithDebInfo|Win32.Build.0 = Release|Win32
		{442A0AD9-1588-4B3E-8945-82EF7CF6183E}.RelWithDebInfo|x64.ActiveCfg = Release|x64
		{442A0AD9-1588-4B3E-8945-82EF7CF6183E}.RelWithDebInfo|x64.Build.0 = Release|x64
	EndGlobalSection
	GlobalSection(SolutionProperties) = preSolution
		HideSolutionNode = FALSE
	EndGlobalSection
	GlobalSection(NestedProjects) = preSolution
		{9EEA0FF6-77C1-48CE-9415-1680A1AFA049} = {093EC48C-D4B4-4BDE-9BF0-E4D41229550F}
		{F866CA59-7306-4ECD-B00F-C27B7DFC9548} = {093EC48C-D4B4-4BDE-9BF0-E4D41229550F}
		{A882CC04-9445-46EE-A537-E1B5907AC523} = {093EC48C-D4B4-4BDE-9BF0-E4D41229550F}
		{812B3AE1-117C-44E6-AF04-B1F02BDA090C} = {093EC48C-D4B4-4BDE-9BF0-E4D41229550F}
		{CC521FD3-7DC9-4D1D-8D7D-3EF88DBE6502} = {093EC48C-D4B4-4BDE-9BF0-E4D41229550F}
		{CA32386B-D8D6-41CD-9CC6-00B9A229A7E8} = {093EC48C-D4B4-4BDE-9BF0-E4D41229550F}
		{15857249-2D05-4185-879C-17CF33B9F7CD} = {093EC48C-D4B4-4BDE-9BF0-E4D41229550F}
		{7767B609-53AA-4E2B-B06E-AD38FA80BF60} = {093EC48C-D4B4-4BDE-9BF0-E4D41229550F}
		{B8BA2D20-ED5B-4CAC-9C69-222A0C70B256} = {093EC48C-D4B4-4BDE-9BF0-E4D41229550F}
		{62E40190-CD08-4FBC-B8A1-CE184DEC1DE7} = {093EC48C-D4B4-4BDE-9BF0-E4D41229550F}
		{FA999995-8D13-4E03-84A0-F14F78D39FA3} = {093EC48C-D4B4-4BDE-9BF0-E4D41229550F}
		{64EAB09E-3B19-4812-A6D9-42048EED74AC} = {093EC48C-D4B4-4BDE-9BF0-E4D41229550F}
		{442A0AD9-1588-4B3E-8945-82EF7CF6183E} = {093EC48C-D4B4-4BDE-9BF0-E4D41229550F}
	EndGlobalSection
EndGlobal
