<?xml version="1.0" encoding="utf-8"?>
<Project ToolsVersion="4.0" xmlns="http://schemas.microsoft.com/developer/msbuild/2003">
  <ItemGroup>
    <Filter Include="Modules">
      <UniqueIdentifier>{6ce82c82-ff08-4add-b937-fc813eacfab2}</UniqueIdentifier>
    </Filter>
    <Filter Include="Noise">
      <UniqueIdentifier>{89360da4-8a7d-44a9-89b0-794fb93a838c}</UniqueIdentifier>
    </Filter>
    <Filter Include="Includes">
      <UniqueIdentifier>{ec856579-544c-4707-ad5a-ab67baba969b}</UniqueIdentifier>
    </Filter>
  </ItemGroup>
  <ItemGroup>
    <ClCompile Include="Modules\Module.cpp">
      <Filter>Modules</Filter>
    </ClCompile>
    <ClCompile Include="Modules\ProjectedGrid\ProjectedGrid.cpp">
      <Filter>Modules</Filter>
    </ClCompile>
    <ClCompile Include="Modules\RadialGrid\RadialGrid.cpp">
      <Filter>Modules</Filter>
    </ClCompile>
    <ClCompile Include="Modules\SimpleGrid\SimpleGrid.cpp">
      <Filter>Modules</Filter>
    </ClCompile>
    <ClCompile Include="Noise\Noise.cpp">
      <Filter>Noise</Filter>
    </ClCompile>
    <ClCompile Include="Noise\Perlin\Perlin.cpp">
      <Filter>Noise</Filter>
    </ClCompile>
    <ClCompile Include="Noise\FFT\FFT.cpp">
      <Filter>Noise</Filter>
    </ClCompile>
    <ClCompile Include="CfgFileManager.cpp" />
    <ClCompile Include="DecalsManager.cpp" />
    <ClCompile Include="Enums.cpp" />
    <ClCompile Include="GodRaysManager.cpp" />
    <ClCompile Include="GPUNormalMapManager.cpp" />
    <ClCompile Include="Help.cpp" />
    <ClCompile Include="Hydrax.cpp" />
    <ClCompile Include="Image.cpp" />
    <ClCompile Include="MaterialManager.cpp" />
    <ClCompile Include="Mesh.cpp" />
    <ClCompile Include="Prerequisites.cpp" />
    <ClCompile Include="RttManager.cpp" />
    <ClCompile Include="TextureManager.cpp" />
  </ItemGroup>
  <ItemGroup>
    <ClInclude Include="..\..\Include\Hydrax\CfgFileManager.h">
      <Filter>Includes</Filter>
    </ClInclude>
    <ClInclude Include="..\..\Include\Hydrax\DecalsManager.h">
      <Filter>Includes</Filter>
    </ClInclude>
    <ClInclude Include="..\..\Include\Hydrax\Enums.h">
      <Filter>Includes</Filter>
    </ClInclude>
    <ClInclude Include="..\..\Include\Hydrax\FFT.h">
      <Filter>Includes</Filter>
    </ClInclude>
    <ClInclude Include="..\..\Include\Hydrax\GodRaysManager.h">
      <Filter>Includes</Filter>
    </ClInclude>
    <ClInclude Include="..\..\Include\Hydrax\GPUNormalMapManager.h">
      <Filter>Includes</Filter>
    </ClInclude>
    <ClInclude Include="..\..\Include\Hydrax\Help.h">
      <Filter>Includes</Filter>
    </ClInclude>
    <ClInclude Include="..\..\Include\Hydrax\Hydrax.h">
      <Filter>Includes</Filter>
    </ClInclude>
    <ClInclude Include="..\..\Include\Hydrax\Image.h">
      <Filter>Includes</Filter>
    </ClInclude>
    <ClInclude Include="..\..\Include\Hydrax\MaterialManager.h">
      <Filter>Includes</Filter>
    </ClInclude>
    <ClInclude Include="..\..\Include\Hydrax\Mesh.h">
      <Filter>Includes</Filter>
    </ClInclude>
    <ClInclude Include="..\..\Include\Hydrax\Module.h">
      <Filter>Includes</Filter>
    </ClInclude>
    <ClInclude Include="..\..\Include\Hydrax\Noise.h">
      <Filter>Includes</Filter>
    </ClInclude>
    <ClInclude Include="..\..\Include\Hydrax\Perlin.h">
      <Filter>Includes</Filter>
    </ClInclude>
    <ClInclude Include="..\..\Include\Hydrax\Prerequisites.h">
      <Filter>Includes</Filter>
    </ClInclude>
    <ClInclude Include="..\..\Include\Hydrax\ProjectedGrid.h">
      <Filter>Includes</Filter>
    </ClInclude>
    <ClInclude Include="..\..\Include\Hydrax\RadialGrid.h">
      <Filter>Includes</Filter>
    </ClInclude>
    <ClInclude Include="..\..\Include\Hydrax\RttManager.h">
      <Filter>Includes</Filter>
    </ClInclude>
    <ClInclude Include="..\..\Include\Hydrax\TextureManager.h">
      <Filter>Includes</Filter>
    </ClInclude>
  </ItemGroup>
</Project>